// !$*UTF8*$!
{
	archiveVersion = 1;
	classes = {
	};
	objectVersion = 46;
	objects = {

/* Begin PBXBuildFile section */
		AB04CB3F1ACD56F500215976 /* AppDelegate.swift in Sources */ = {isa = PBXBuildFile; fileRef = AB04CB3E1ACD56F500215976 /* AppDelegate.swift */; };
		AB04CB491ACD56F500215976 /* LaunchScreen.xib in Resources */ = {isa = PBXBuildFile; fileRef = AB04CB471ACD56F500215976 /* LaunchScreen.xib */; };
		AB04CB551ACD56F500215976 /* SoundsTests.swift in Sources */ = {isa = PBXBuildFile; fileRef = AB04CB541ACD56F500215976 /* SoundsTests.swift */; };
		AB04CB5F1ACD57C700215976 /* FindVowels.swift in Sources */ = {isa = PBXBuildFile; fileRef = AB04CB5E1ACD57C700215976 /* FindVowels.swift */; };
		AB1FA11B1AED014000734845 /* maintheme.mp3 in Resources */ = {isa = PBXBuildFile; fileRef = AB1FA11A1AED014000734845 /* maintheme.mp3 */; };
		AB2F18EC1AD1D633000C9C4F /* Media.xcassets in Resources */ = {isa = PBXBuildFile; fileRef = AB2F18EB1AD1D633000C9C4F /* Media.xcassets */; };
		AB351F8E1AD93847009D07D1 /* shortsilence.wav in Resources */ = {isa = PBXBuildFile; fileRef = AB351F8D1AD93847009D07D1 /* shortsilence.wav */; };
		AB351F901AD93DA1009D07D1 /* Credentials.swift in Sources */ = {isa = PBXBuildFile; fileRef = AB351F8F1AD93DA1009D07D1 /* Credentials.swift */; };
		AB5A23991AD682BE007AB9DD /* miniGamePlayground1.png in Resources */ = {isa = PBXBuildFile; fileRef = AB5A23921AD682BE007AB9DD /* miniGamePlayground1.png */; };
		AB5A239A1AD682BE007AB9DD /* miniGamePlayground2.png in Resources */ = {isa = PBXBuildFile; fileRef = AB5A23931AD682BE007AB9DD /* miniGamePlayground2.png */; };
		AB5A239B1AD682BE007AB9DD /* miniGamePlayground3.png in Resources */ = {isa = PBXBuildFile; fileRef = AB5A23941AD682BE007AB9DD /* miniGamePlayground3.png */; };
		AB5A239C1AD682BE007AB9DD /* miniGamePlayground4.png in Resources */ = {isa = PBXBuildFile; fileRef = AB5A23951AD682BE007AB9DD /* miniGamePlayground4.png */; };
		AB5A239D1AD682BE007AB9DD /* miniGamePlayground5.png in Resources */ = {isa = PBXBuildFile; fileRef = AB5A23961AD682BE007AB9DD /* miniGamePlayground5.png */; };
		AB5A239E1AD682BE007AB9DD /* miniGamePlayground6.png in Resources */ = {isa = PBXBuildFile; fileRef = AB5A23971AD682BE007AB9DD /* miniGamePlayground6.png */; };
		AB62E5D31ADA93860057B176 /* play_overlay_no_circle.png in Resources */ = {isa = PBXBuildFile; fileRef = AB62E5D21ADA93860057B176 /* play_overlay_no_circle.png */; };
		AB6AC50C1AD9C078006DAD14 /* spell.mp3 in Resources */ = {isa = PBXBuildFile; fileRef = AB6AC50B1AD9C078006DAD14 /* spell.mp3 */; };
		AB7D6D841AD85E06002645FB /* starting.png in Resources */ = {isa = PBXBuildFile; fileRef = AB7D6D831AD85E06002645FB /* starting.png */; };
		AB8546DE1AED2B4D00F316B0 /* starts.png in Resources */ = {isa = PBXBuildFile; fileRef = AB8546DD1AED2B4D00F316B0 /* starts.png */; };
		AB8546E61AED2CDD00F316B0 /* РАК.mp3 in Resources */ = {isa = PBXBuildFile; fileRef = AB8546DF1AED2CDD00F316B0 /* РАК.mp3 */; };
		AB8546E71AED2CDD00F316B0 /* БАНТ.mp3 in Resources */ = {isa = PBXBuildFile; fileRef = AB8546E01AED2CDD00F316B0 /* БАНТ.mp3 */; };
		AB8546E81AED2CDD00F316B0 /* ДРІТ.mp3 in Resources */ = {isa = PBXBuildFile; fileRef = AB8546E11AED2CDD00F316B0 /* ДРІТ.mp3 */; };
		AB8546E91AED2CDD00F316B0 /* ЧЕК.mp3 in Resources */ = {isa = PBXBuildFile; fileRef = AB8546E21AED2CDD00F316B0 /* ЧЕК.mp3 */; };
		AB8546EA1AED2CDD00F316B0 /* ВОВК.mp3 in Resources */ = {isa = PBXBuildFile; fileRef = AB8546E31AED2CDD00F316B0 /* ВОВК.mp3 */; };
		AB8546EB1AED2CDD00F316B0 /* ПРИЗ.mp3 in Resources */ = {isa = PBXBuildFile; fileRef = AB8546E41AED2CDD00F316B0 /* ПРИЗ.mp3 */; };
		AB8546EC1AED2CDD00F316B0 /* КУЩ.mp3 in Resources */ = {isa = PBXBuildFile; fileRef = AB8546E51AED2CDD00F316B0 /* КУЩ.mp3 */; };
		AB8546F01AED310B00F316B0 /* wrong1.mp3 in Resources */ = {isa = PBXBuildFile; fileRef = AB8546EF1AED310B00F316B0 /* wrong1.mp3 */; };
		AB8546F21AED319B00F316B0 /* wrong3.mp3 in Resources */ = {isa = PBXBuildFile; fileRef = AB8546F11AED319B00F316B0 /* wrong3.mp3 */; };
		ABA69CC21AD2A4A10075C896 /* Main.storyboard in Resources */ = {isa = PBXBuildFile; fileRef = ABA69CC11AD2A4A10075C896 /* Main.storyboard */; };
		ABABA6D71AD6B375001F6051 /* button3.png in Resources */ = {isa = PBXBuildFile; fileRef = ABABA6D41AD6B375001F6051 /* button3.png */; };
		ABC7069E1AED0BB0005A5420 /* correct4.mp3 in Resources */ = {isa = PBXBuildFile; fileRef = ABC706991AED0BB0005A5420 /* correct4.mp3 */; };
		ABC7069F1AED0BB0005A5420 /* correct1.mp3 in Resources */ = {isa = PBXBuildFile; fileRef = ABC7069A1AED0BB0005A5420 /* correct1.mp3 */; };
		ABC706A01AED0BB0005A5420 /* correct2.mp3 in Resources */ = {isa = PBXBuildFile; fileRef = ABC7069B1AED0BB0005A5420 /* correct2.mp3 */; };
		ABC706A11AED0BB0005A5420 /* correct3.mp3 in Resources */ = {isa = PBXBuildFile; fileRef = ABC7069C1AED0BB0005A5420 /* correct3.mp3 */; };
		ABC706A21AED0BB0005A5420 /* correct5.mp3 in Resources */ = {isa = PBXBuildFile; fileRef = ABC7069D1AED0BB0005A5420 /* correct5.mp3 */; };
		ABC706A81AED0BBB005A5420 /* wrong2.mp3 in Resources */ = {isa = PBXBuildFile; fileRef = ABC706A31AED0BBB005A5420 /* wrong2.mp3 */; };
		ABC706A91AED0BBB005A5420 /* wrong4.mp3 in Resources */ = {isa = PBXBuildFile; fileRef = ABC706A41AED0BBB005A5420 /* wrong4.mp3 */; };
		ABC706AB1AED0BBB005A5420 /* wrong5.mp3 in Resources */ = {isa = PBXBuildFile; fileRef = ABC706A61AED0BBB005A5420 /* wrong5.mp3 */; };
		ABC706ED1AED130F005A5420 /* БАК.mp3 in Resources */ = {isa = PBXBuildFile; fileRef = ABC706AD1AED130F005A5420 /* БАК.mp3 */; };
		ABC706EE1AED130F005A5420 /* БАНК.mp3 in Resources */ = {isa = PBXBuildFile; fileRef = ABC706AE1AED130F005A5420 /* БАНК.mp3 */; };
		ABC706EF1AED130F005A5420 /* БИК.mp3 in Resources */ = {isa = PBXBuildFile; fileRef = ABC706AF1AED130F005A5420 /* БИК.mp3 */; };
		ABC706F01AED130F005A5420 /* БІБ.mp3 in Resources */ = {isa = PBXBuildFile; fileRef = ABC706B01AED130F005A5420 /* БІБ.mp3 */; };
		ABC706F11AED130F005A5420 /* БОКС.mp3 in Resources */ = {isa = PBXBuildFile; fileRef = ABC706B11AED130F005A5420 /* БОКС.mp3 */; };
		ABC706F21AED130F005A5420 /* БОРЩ.mp3 in Resources */ = {isa = PBXBuildFile; fileRef = ABC706B21AED130F005A5420 /* БОРЩ.mp3 */; };
		ABC706F31AED130F005A5420 /* БУК.mp3 in Resources */ = {isa = PBXBuildFile; fileRef = ABC706B31AED130F005A5420 /* БУК.mp3 */; };
		ABC706F41AED130F005A5420 /* ВУЖ.mp3 in Resources */ = {isa = PBXBuildFile; fileRef = ABC706B41AED130F005A5420 /* ВУЖ.mp3 */; };
		ABC706F51AED130F005A5420 /* ГАЙ.mp3 in Resources */ = {isa = PBXBuildFile; fileRef = ABC706B51AED130F005A5420 /* ГАЙ.mp3 */; };
		ABC706F61AED130F005A5420 /* ГАК.mp3 in Resources */ = {isa = PBXBuildFile; fileRef = ABC706B61AED130F005A5420 /* ГАК.mp3 */; };
		ABC706F71AED130F005A5420 /* ДАХ.mp3 in Resources */ = {isa = PBXBuildFile; fileRef = ABC706B71AED130F005A5420 /* ДАХ.mp3 */; };
		ABC706F81AED130F005A5420 /* ДЕНЬ.mp3 in Resources */ = {isa = PBXBuildFile; fileRef = ABC706B81AED130F005A5420 /* ДЕНЬ.mp3 */; };
		ABC706F91AED130F005A5420 /* ДИМ.mp3 in Resources */ = {isa = PBXBuildFile; fileRef = ABC706B91AED130F005A5420 /* ДИМ.mp3 */; };
		ABC706FA1AED130F005A5420 /* ДИСК.mp3 in Resources */ = {isa = PBXBuildFile; fileRef = ABC706BA1AED130F005A5420 /* ДИСК.mp3 */; };
		ABC706FB1AED130F005A5420 /* ДІД.mp3 in Resources */ = {isa = PBXBuildFile; fileRef = ABC706BB1AED130F005A5420 /* ДІД.mp3 */; };
		ABC706FC1AED130F005A5420 /* ДОЩ.mp3 in Resources */ = {isa = PBXBuildFile; fileRef = ABC706BC1AED130F005A5420 /* ДОЩ.mp3 */; };
		ABC706FD1AED130F005A5420 /* ДРІЗД.mp3 in Resources */ = {isa = PBXBuildFile; fileRef = ABC706BD1AED130F005A5420 /* ДРІЗД.mp3 */; };
		ABC706FE1AED130F005A5420 /* ДУБ.mp3 in Resources */ = {isa = PBXBuildFile; fileRef = ABC706BE1AED130F005A5420 /* ДУБ.mp3 */; };
		ABC706FF1AED130F005A5420 /* ДУШ.mp3 in Resources */ = {isa = PBXBuildFile; fileRef = ABC706BF1AED130F005A5420 /* ДУШ.mp3 */; };
		ABC707001AED130F005A5420 /* ЖЕЗЛ.mp3 in Resources */ = {isa = PBXBuildFile; fileRef = ABC706C01AED130F005A5420 /* ЖЕЗЛ.mp3 */; };
		ABC707011AED130F005A5420 /* ЖИР.mp3 in Resources */ = {isa = PBXBuildFile; fileRef = ABC706C11AED130F005A5420 /* ЖИР.mp3 */; };
		ABC707021AED130F005A5420 /* ЗУБ.mp3 in Resources */ = {isa = PBXBuildFile; fileRef = ABC706C21AED130F005A5420 /* ЗУБ.mp3 */; };
		ABC707031AED130F005A5420 /* ЙОД.mp3 in Resources */ = {isa = PBXBuildFile; fileRef = ABC706C31AED130F005A5420 /* ЙОД.mp3 */; };
		ABC707041AED130F005A5420 /* КИТ.mp3 in Resources */ = {isa = PBXBuildFile; fileRef = ABC706C41AED130F005A5420 /* КИТ.mp3 */; };
		ABC707051AED130F005A5420 /* КРЕМ.mp3 in Resources */ = {isa = PBXBuildFile; fileRef = ABC706C51AED130F005A5420 /* КРЕМ.mp3 */; };
		ABC707061AED130F005A5420 /* КРІП.mp3 in Resources */ = {isa = PBXBuildFile; fileRef = ABC706C61AED130F005A5420 /* КРІП.mp3 */; };
		ABC707071AED130F005A5420 /* КРІТ.mp3 in Resources */ = {isa = PBXBuildFile; fileRef = ABC706C71AED130F005A5420 /* КРІТ.mp3 */; };
		ABC707081AED130F005A5420 /* КУТ.mp3 in Resources */ = {isa = PBXBuildFile; fileRef = ABC706C81AED130F005A5420 /* КУТ.mp3 */; };
		ABC707091AED130F005A5420 /* ЛАК.mp3 in Resources */ = {isa = PBXBuildFile; fileRef = ABC706C91AED130F005A5420 /* ЛАК.mp3 */; };
		ABC7070A1AED130F005A5420 /* ЛЕВ.mp3 in Resources */ = {isa = PBXBuildFile; fileRef = ABC706CA1AED130F005A5420 /* ЛЕВ.mp3 */; };
		ABC7070B1AED130F005A5420 /* ЛИН.mp3 in Resources */ = {isa = PBXBuildFile; fileRef = ABC706CB1AED130F005A5420 /* ЛИН.mp3 */; };
		ABC7070C1AED130F005A5420 /* ЛИС.mp3 in Resources */ = {isa = PBXBuildFile; fileRef = ABC706CC1AED130F005A5420 /* ЛИС.mp3 */; };
		ABC7070D1AED130F005A5420 /* ЛИСТ.mp3 in Resources */ = {isa = PBXBuildFile; fileRef = ABC706CD1AED130F005A5420 /* ЛИСТ.mp3 */; };
		ABC7070E1AED130F005A5420 /* ЛОБ.mp3 in Resources */ = {isa = PBXBuildFile; fileRef = ABC706CE1AED130F005A5420 /* ЛОБ.mp3 */; };
		ABC7070F1AED130F005A5420 /* ЛОМ.mp3 in Resources */ = {isa = PBXBuildFile; fileRef = ABC706CF1AED130F005A5420 /* ЛОМ.mp3 */; };
		ABC707101AED130F005A5420 /* ЛОСЬ.mp3 in Resources */ = {isa = PBXBuildFile; fileRef = ABC706D01AED130F005A5420 /* ЛОСЬ.mp3 */; };
		ABC707111AED130F005A5420 /* ЛУК.mp3 in Resources */ = {isa = PBXBuildFile; fileRef = ABC706D11AED130F005A5420 /* ЛУК.mp3 */; };
		ABC707121AED130F005A5420 /* МАК.mp3 in Resources */ = {isa = PBXBuildFile; fileRef = ABC706D21AED130F005A5420 /* МАК.mp3 */; };
		ABC707131AED130F005A5420 /* МЕД.mp3 in Resources */ = {isa = PBXBuildFile; fileRef = ABC706D31AED130F005A5420 /* МЕД.mp3 */; };
		ABC707141AED130F005A5420 /* НІЖ.mp3 in Resources */ = {isa = PBXBuildFile; fileRef = ABC706D41AED130F005A5420 /* НІЖ.mp3 */; };
		ABC707151AED130F005A5420 /* НІС.mp3 in Resources */ = {isa = PBXBuildFile; fileRef = ABC706D51AED130F005A5420 /* НІС.mp3 */; };
		ABC707161AED130F005A5420 /* НІЧ.mp3 in Resources */ = {isa = PBXBuildFile; fileRef = ABC706D61AED130F005A5420 /* НІЧ.mp3 */; };
		ABC707171AED130F005A5420 /* ПЕНЬ.mp3 in Resources */ = {isa = PBXBuildFile; fileRef = ABC706D71AED130F005A5420 /* ПЕНЬ.mp3 */; };
		ABC707181AED130F005A5420 /* ПЕС.mp3 in Resources */ = {isa = PBXBuildFile; fileRef = ABC706D81AED130F005A5420 /* ПЕС.mp3 */; };
		ABC707191AED130F005A5420 /* ПІЧ.mp3 in Resources */ = {isa = PBXBuildFile; fileRef = ABC706D91AED130F005A5420 /* ПІЧ.mp3 */; };
		ABC7071A1AED130F005A5420 /* САД.mp3 in Resources */ = {isa = PBXBuildFile; fileRef = ABC706DA1AED130F005A5420 /* САД.mp3 */; };
		ABC7071B1AED130F005A5420 /* САК.mp3 in Resources */ = {isa = PBXBuildFile; fileRef = ABC706DB1AED130F005A5420 /* САК.mp3 */; };
		ABC7071C1AED130F005A5420 /* СИН.mp3 in Resources */ = {isa = PBXBuildFile; fileRef = ABC706DC1AED130F005A5420 /* СИН.mp3 */; };
		ABC7071D1AED130F005A5420 /* СІК.mp3 in Resources */ = {isa = PBXBuildFile; fileRef = ABC706DD1AED130F005A5420 /* СІК.mp3 */; };
		ABC7071E1AED130F005A5420 /* СОМ.mp3 in Resources */ = {isa = PBXBuildFile; fileRef = ABC706DE1AED130F005A5420 /* СОМ.mp3 */; };
		ABC7071F1AED130F005A5420 /* СОН.mp3 in Resources */ = {isa = PBXBuildFile; fileRef = ABC706DF1AED130F005A5420 /* СОН.mp3 */; };
		ABC707201AED130F005A5420 /* СУК.mp3 in Resources */ = {isa = PBXBuildFile; fileRef = ABC706E01AED130F005A5420 /* СУК.mp3 */; };
		ABC707211AED130F005A5420 /* СУП.mp3 in Resources */ = {isa = PBXBuildFile; fileRef = ABC706E11AED130F005A5420 /* СУП.mp3 */; };
		ABC707221AED130F005A5420 /* ТИГР.mp3 in Resources */ = {isa = PBXBuildFile; fileRef = ABC706E21AED130F005A5420 /* ТИГР.mp3 */; };
		ABC707231AED130F005A5420 /* ТИН.mp3 in Resources */ = {isa = PBXBuildFile; fileRef = ABC706E31AED130F005A5420 /* ТИН.mp3 */; };
		ABC707241AED130F005A5420 /* ТІНЬ.mp3 in Resources */ = {isa = PBXBuildFile; fileRef = ABC706E41AED130F005A5420 /* ТІНЬ.mp3 */; };
		ABC707251AED130F005A5420 /* ТОМ.mp3 in Resources */ = {isa = PBXBuildFile; fileRef = ABC706E51AED130F005A5420 /* ТОМ.mp3 */; };
		ABC707261AED130F005A5420 /* ТОРТ.mp3 in Resources */ = {isa = PBXBuildFile; fileRef = ABC706E61AED130F005A5420 /* ТОРТ.mp3 */; };
		ABC707271AED130F005A5420 /* ХРАМ.mp3 in Resources */ = {isa = PBXBuildFile; fileRef = ABC706E71AED130F005A5420 /* ХРАМ.mp3 */; };
		ABC707281AED130F005A5420 /* ХРЕСТ.mp3 in Resources */ = {isa = PBXBuildFile; fileRef = ABC706E81AED130F005A5420 /* ХРЕСТ.mp3 */; };
		ABC707291AED130F005A5420 /* ЦЕП.mp3 in Resources */ = {isa = PBXBuildFile; fileRef = ABC706E91AED130F005A5420 /* ЦЕП.mp3 */; };
		ABC7072A1AED130F005A5420 /* ЧАЙ.mp3 in Resources */ = {isa = PBXBuildFile; fileRef = ABC706EA1AED130F005A5420 /* ЧАЙ.mp3 */; };
		ABC7072B1AED130F005A5420 /* ШНУР.mp3 in Resources */ = {isa = PBXBuildFile; fileRef = ABC706EB1AED130F005A5420 /* ШНУР.mp3 */; };
		ABC7072C1AED130F005A5420 /* ЩУР.mp3 in Resources */ = {isa = PBXBuildFile; fileRef = ABC706EC1AED130F005A5420 /* ЩУР.mp3 */; };
		ABDC0ACD1AD5AB8B0078B76A /* БАК.png in Resources */ = {isa = PBXBuildFile; fileRef = ABDC0A871AD5AB8A0078B76A /* БАК.png */; };
		ABDC0ACE1AD5AB8B0078B76A /* БАНТ.png in Resources */ = {isa = PBXBuildFile; fileRef = ABDC0A881AD5AB8A0078B76A /* БАНТ.png */; };
		ABDC0ACF1AD5AB8B0078B76A /* БИК.png in Resources */ = {isa = PBXBuildFile; fileRef = ABDC0A891AD5AB8A0078B76A /* БИК.png */; };
		ABDC0AD01AD5AB8B0078B76A /* БОКС.png in Resources */ = {isa = PBXBuildFile; fileRef = ABDC0A8A1AD5AB8A0078B76A /* БОКС.png */; };
		ABDC0AD11AD5AB8B0078B76A /* БОРЩ.png in Resources */ = {isa = PBXBuildFile; fileRef = ABDC0A8B1AD5AB8A0078B76A /* БОРЩ.png */; };
		ABDC0AD21AD5AB8B0078B76A /* БУК.png in Resources */ = {isa = PBXBuildFile; fileRef = ABDC0A8C1AD5AB8A0078B76A /* БУК.png */; };
		ABDC0AD31AD5AB8B0078B76A /* БІБ.png in Resources */ = {isa = PBXBuildFile; fileRef = ABDC0A8D1AD5AB8A0078B76A /* БІБ.png */; };
		ABDC0AD41AD5AB8B0078B76A /* ВОВК.png in Resources */ = {isa = PBXBuildFile; fileRef = ABDC0A8E1AD5AB8A0078B76A /* ВОВК.png */; };
		ABDC0AD51AD5AB8B0078B76A /* ВУЖ.png in Resources */ = {isa = PBXBuildFile; fileRef = ABDC0A8F1AD5AB8A0078B76A /* ВУЖ.png */; };
		ABDC0AD61AD5AB8B0078B76A /* ГАЙ.png in Resources */ = {isa = PBXBuildFile; fileRef = ABDC0A901AD5AB8A0078B76A /* ГАЙ.png */; };
		ABDC0AD71AD5AB8B0078B76A /* ГАК.png in Resources */ = {isa = PBXBuildFile; fileRef = ABDC0A911AD5AB8A0078B76A /* ГАК.png */; };
		ABDC0AD81AD5AB8B0078B76A /* ДАХ.png in Resources */ = {isa = PBXBuildFile; fileRef = ABDC0A921AD5AB8A0078B76A /* ДАХ.png */; };
		ABDC0AD91AD5AB8B0078B76A /* ДЕНЬ.png in Resources */ = {isa = PBXBuildFile; fileRef = ABDC0A931AD5AB8A0078B76A /* ДЕНЬ.png */; };
		ABDC0ADA1AD5AB8B0078B76A /* ДИМ.png in Resources */ = {isa = PBXBuildFile; fileRef = ABDC0A941AD5AB8A0078B76A /* ДИМ.png */; };
		ABDC0ADB1AD5AB8B0078B76A /* ДИСК.png in Resources */ = {isa = PBXBuildFile; fileRef = ABDC0A951AD5AB8A0078B76A /* ДИСК.png */; };
		ABDC0ADC1AD5AB8B0078B76A /* ДОЩ.png in Resources */ = {isa = PBXBuildFile; fileRef = ABDC0A961AD5AB8A0078B76A /* ДОЩ.png */; };
		ABDC0ADE1AD5AB8B0078B76A /* ДРІТ.png in Resources */ = {isa = PBXBuildFile; fileRef = ABDC0A981AD5AB8A0078B76A /* ДРІТ.png */; };
		ABDC0ADF1AD5AB8B0078B76A /* ДУБ.png in Resources */ = {isa = PBXBuildFile; fileRef = ABDC0A991AD5AB8A0078B76A /* ДУБ.png */; };
		ABDC0AE01AD5AB8B0078B76A /* ДУШ.png in Resources */ = {isa = PBXBuildFile; fileRef = ABDC0A9A1AD5AB8A0078B76A /* ДУШ.png */; };
		ABDC0AE11AD5AB8B0078B76A /* ДІД.png in Resources */ = {isa = PBXBuildFile; fileRef = ABDC0A9B1AD5AB8A0078B76A /* ДІД.png */; };
		ABDC0AE21AD5AB8B0078B76A /* ЖЕЗЛ.png in Resources */ = {isa = PBXBuildFile; fileRef = ABDC0A9C1AD5AB8A0078B76A /* ЖЕЗЛ.png */; };
		ABDC0AE31AD5AB8B0078B76A /* ЖИР.png in Resources */ = {isa = PBXBuildFile; fileRef = ABDC0A9D1AD5AB8A0078B76A /* ЖИР.png */; };
		ABDC0AE41AD5AB8B0078B76A /* ЗУБ.png in Resources */ = {isa = PBXBuildFile; fileRef = ABDC0A9E1AD5AB8A0078B76A /* ЗУБ.png */; };
		ABDC0AE51AD5AB8B0078B76A /* ЙОД.png in Resources */ = {isa = PBXBuildFile; fileRef = ABDC0A9F1AD5AB8A0078B76A /* ЙОД.png */; };
		ABDC0AE61AD5AB8B0078B76A /* КИТ.png in Resources */ = {isa = PBXBuildFile; fileRef = ABDC0AA01AD5AB8A0078B76A /* КИТ.png */; };
		ABDC0AE71AD5AB8B0078B76A /* КРЕМ.png in Resources */ = {isa = PBXBuildFile; fileRef = ABDC0AA11AD5AB8A0078B76A /* КРЕМ.png */; };
		ABDC0AE81AD5AB8B0078B76A /* КРІП.png in Resources */ = {isa = PBXBuildFile; fileRef = ABDC0AA21AD5AB8A0078B76A /* КРІП.png */; };
		ABDC0AE91AD5AB8B0078B76A /* КРІТ.png in Resources */ = {isa = PBXBuildFile; fileRef = ABDC0AA31AD5AB8A0078B76A /* КРІТ.png */; };
		ABDC0AEA1AD5AB8B0078B76A /* КУТ.png in Resources */ = {isa = PBXBuildFile; fileRef = ABDC0AA41AD5AB8A0078B76A /* КУТ.png */; };
		ABDC0AEB1AD5AB8B0078B76A /* КУЩ.png in Resources */ = {isa = PBXBuildFile; fileRef = ABDC0AA51AD5AB8A0078B76A /* КУЩ.png */; };
		ABDC0AEC1AD5AB8B0078B76A /* ЛАК.png in Resources */ = {isa = PBXBuildFile; fileRef = ABDC0AA61AD5AB8A0078B76A /* ЛАК.png */; };
		ABDC0AED1AD5AB8B0078B76A /* ЛЕВ.png in Resources */ = {isa = PBXBuildFile; fileRef = ABDC0AA71AD5AB8A0078B76A /* ЛЕВ.png */; };
		ABDC0AEE1AD5AB8B0078B76A /* ЛИН.png in Resources */ = {isa = PBXBuildFile; fileRef = ABDC0AA81AD5AB8A0078B76A /* ЛИН.png */; };
		ABDC0AEF1AD5AB8B0078B76A /* ЛИС.png in Resources */ = {isa = PBXBuildFile; fileRef = ABDC0AA91AD5AB8A0078B76A /* ЛИС.png */; };
		ABDC0AF01AD5AB8B0078B76A /* ЛИСТ.png in Resources */ = {isa = PBXBuildFile; fileRef = ABDC0AAA1AD5AB8A0078B76A /* ЛИСТ.png */; };
		ABDC0AF11AD5AB8B0078B76A /* ЛОБ.png in Resources */ = {isa = PBXBuildFile; fileRef = ABDC0AAB1AD5AB8A0078B76A /* ЛОБ.png */; };
		ABDC0AF21AD5AB8B0078B76A /* ЛОМ.png in Resources */ = {isa = PBXBuildFile; fileRef = ABDC0AAC1AD5AB8A0078B76A /* ЛОМ.png */; };
		ABDC0AF31AD5AB8B0078B76A /* ЛОСЬ.png in Resources */ = {isa = PBXBuildFile; fileRef = ABDC0AAD1AD5AB8A0078B76A /* ЛОСЬ.png */; };
		ABDC0AF41AD5AB8B0078B76A /* ЛУК.png in Resources */ = {isa = PBXBuildFile; fileRef = ABDC0AAE1AD5AB8A0078B76A /* ЛУК.png */; };
		ABDC0AF51AD5AB8B0078B76A /* МАК.png in Resources */ = {isa = PBXBuildFile; fileRef = ABDC0AAF1AD5AB8A0078B76A /* МАК.png */; };
		ABDC0AF61AD5AB8B0078B76A /* МЕД.png in Resources */ = {isa = PBXBuildFile; fileRef = ABDC0AB01AD5AB8A0078B76A /* МЕД.png */; };
		ABDC0AF71AD5AB8B0078B76A /* НІЖ.png in Resources */ = {isa = PBXBuildFile; fileRef = ABDC0AB11AD5AB8A0078B76A /* НІЖ.png */; };
		ABDC0AF81AD5AB8B0078B76A /* НІС.png in Resources */ = {isa = PBXBuildFile; fileRef = ABDC0AB21AD5AB8A0078B76A /* НІС.png */; };
		ABDC0AF91AD5AB8B0078B76A /* НІЧ.png in Resources */ = {isa = PBXBuildFile; fileRef = ABDC0AB31AD5AB8A0078B76A /* НІЧ.png */; };
		ABDC0AFA1AD5AB8B0078B76A /* ПЕНЬ.png in Resources */ = {isa = PBXBuildFile; fileRef = ABDC0AB41AD5AB8A0078B76A /* ПЕНЬ.png */; };
		ABDC0AFB1AD5AB8B0078B76A /* ПЕС.png in Resources */ = {isa = PBXBuildFile; fileRef = ABDC0AB51AD5AB8A0078B76A /* ПЕС.png */; };
		ABDC0AFC1AD5AB8B0078B76A /* ПРИЗ.png in Resources */ = {isa = PBXBuildFile; fileRef = ABDC0AB61AD5AB8A0078B76A /* ПРИЗ.png */; };
		ABDC0AFD1AD5AB8B0078B76A /* ПІЧ.png in Resources */ = {isa = PBXBuildFile; fileRef = ABDC0AB71AD5AB8A0078B76A /* ПІЧ.png */; };
		ABDC0AFE1AD5AB8B0078B76A /* РАК.png in Resources */ = {isa = PBXBuildFile; fileRef = ABDC0AB81AD5AB8A0078B76A /* РАК.png */; };
		ABDC0AFF1AD5AB8B0078B76A /* САД.png in Resources */ = {isa = PBXBuildFile; fileRef = ABDC0AB91AD5AB8A0078B76A /* САД.png */; };
		ABDC0B001AD5AB8B0078B76A /* САК.png in Resources */ = {isa = PBXBuildFile; fileRef = ABDC0ABA1AD5AB8A0078B76A /* САК.png */; };
		ABDC0B011AD5AB8B0078B76A /* СИН.png in Resources */ = {isa = PBXBuildFile; fileRef = ABDC0ABB1AD5AB8A0078B76A /* СИН.png */; };
		ABDC0B021AD5AB8B0078B76A /* СОМ.png in Resources */ = {isa = PBXBuildFile; fileRef = ABDC0ABC1AD5AB8B0078B76A /* СОМ.png */; };
		ABDC0B031AD5AB8B0078B76A /* СОН.png in Resources */ = {isa = PBXBuildFile; fileRef = ABDC0ABD1AD5AB8B0078B76A /* СОН.png */; };
		ABDC0B041AD5AB8B0078B76A /* СУК.png in Resources */ = {isa = PBXBuildFile; fileRef = ABDC0ABE1AD5AB8B0078B76A /* СУК.png */; };
		ABDC0B051AD5AB8B0078B76A /* СУП.png in Resources */ = {isa = PBXBuildFile; fileRef = ABDC0ABF1AD5AB8B0078B76A /* СУП.png */; };
		ABDC0B061AD5AB8B0078B76A /* СІК.png in Resources */ = {isa = PBXBuildFile; fileRef = ABDC0AC01AD5AB8B0078B76A /* СІК.png */; };
		ABDC0B071AD5AB8B0078B76A /* ТИГР.png in Resources */ = {isa = PBXBuildFile; fileRef = ABDC0AC11AD5AB8B0078B76A /* ТИГР.png */; };
		ABDC0B081AD5AB8B0078B76A /* ТИН.png in Resources */ = {isa = PBXBuildFile; fileRef = ABDC0AC21AD5AB8B0078B76A /* ТИН.png */; };
		ABDC0B091AD5AB8B0078B76A /* ТОМ.png in Resources */ = {isa = PBXBuildFile; fileRef = ABDC0AC31AD5AB8B0078B76A /* ТОМ.png */; };
		ABDC0B0A1AD5AB8B0078B76A /* ТОРТ.png in Resources */ = {isa = PBXBuildFile; fileRef = ABDC0AC41AD5AB8B0078B76A /* ТОРТ.png */; };
		ABDC0B0B1AD5AB8B0078B76A /* ТІНЬ.png in Resources */ = {isa = PBXBuildFile; fileRef = ABDC0AC51AD5AB8B0078B76A /* ТІНЬ.png */; };
		ABDC0B0C1AD5AB8B0078B76A /* ХРАМ.png in Resources */ = {isa = PBXBuildFile; fileRef = ABDC0AC61AD5AB8B0078B76A /* ХРАМ.png */; };
		ABDC0B0D1AD5AB8B0078B76A /* ХРЕСТ.png in Resources */ = {isa = PBXBuildFile; fileRef = ABDC0AC71AD5AB8B0078B76A /* ХРЕСТ.png */; };
		ABDC0B0E1AD5AB8B0078B76A /* ЦЕП.png in Resources */ = {isa = PBXBuildFile; fileRef = ABDC0AC81AD5AB8B0078B76A /* ЦЕП.png */; };
		ABDC0B0F1AD5AB8B0078B76A /* ЧАЙ.png in Resources */ = {isa = PBXBuildFile; fileRef = ABDC0AC91AD5AB8B0078B76A /* ЧАЙ.png */; };
		ABDC0B101AD5AB8B0078B76A /* ЧЕК.png in Resources */ = {isa = PBXBuildFile; fileRef = ABDC0ACA1AD5AB8B0078B76A /* ЧЕК.png */; };
		ABDC0B111AD5AB8B0078B76A /* ШНУР.png in Resources */ = {isa = PBXBuildFile; fileRef = ABDC0ACB1AD5AB8B0078B76A /* ШНУР.png */; };
		ABDC0B121AD5AB8B0078B76A /* ЩУР.png in Resources */ = {isa = PBXBuildFile; fileRef = ABDC0ACC1AD5AB8B0078B76A /* ЩУР.png */; };
		ABEE88B81AD7065400C00B9C /* reload.png in Resources */ = {isa = PBXBuildFile; fileRef = ABEE88B61AD7065400C00B9C /* reload.png */; };
		ABEE88B91AD7065400C00B9C /* backarrow.png in Resources */ = {isa = PBXBuildFile; fileRef = ABEE88B71AD7065400C00B9C /* backarrow.png */; };
		ABEE88C11AD728ED00C00B9C /* ДРІЗД.png in Resources */ = {isa = PBXBuildFile; fileRef = ABEE88C01AD728ED00C00B9C /* ДРІЗД.png */; };
		ABFC67FF1AD7BE0700F5F759 /* infonew.png in Resources */ = {isa = PBXBuildFile; fileRef = ABFC67FE1AD7BE0700F5F759 /* infonew.png */; };
/* End PBXBuildFile section */

/* Begin PBXContainerItemProxy section */
		AB04CB4F1ACD56F500215976 /* PBXContainerItemProxy */ = {
			isa = PBXContainerItemProxy;
			containerPortal = AB04CB311ACD56F500215976 /* Project object */;
			proxyType = 1;
			remoteGlobalIDString = AB04CB381ACD56F500215976;
			remoteInfo = Sounds;
		};
/* End PBXContainerItemProxy section */

/* Begin PBXFileReference section */
		AB04CB391ACD56F500215976 /* Sounds.app */ = {isa = PBXFileReference; explicitFileType = wrapper.application; includeInIndex = 0; path = Sounds.app; sourceTree = BUILT_PRODUCTS_DIR; };
		AB04CB3D1ACD56F500215976 /* Info.plist */ = {isa = PBXFileReference; lastKnownFileType = text.plist.xml; path = Info.plist; sourceTree = "<group>"; };
		AB04CB3E1ACD56F500215976 /* AppDelegate.swift */ = {isa = PBXFileReference; lastKnownFileType = sourcecode.swift; path = AppDelegate.swift; sourceTree = "<group>"; };
		AB04CB481ACD56F500215976 /* Base */ = {isa = PBXFileReference; lastKnownFileType = file.xib; name = Base; path = Base.lproj/LaunchScreen.xib; sourceTree = "<group>"; };
		AB04CB4E1ACD56F500215976 /* SoundsTests.xctest */ = {isa = PBXFileReference; explicitFileType = wrapper.cfbundle; includeInIndex = 0; path = SoundsTests.xctest; sourceTree = BUILT_PRODUCTS_DIR; };
		AB04CB531ACD56F500215976 /* Info.plist */ = {isa = PBXFileReference; lastKnownFileType = text.plist.xml; path = Info.plist; sourceTree = "<group>"; };
		AB04CB541ACD56F500215976 /* SoundsTests.swift */ = {isa = PBXFileReference; lastKnownFileType = sourcecode.swift; path = SoundsTests.swift; sourceTree = "<group>"; };
		AB04CB5E1ACD57C700215976 /* FindVowels.swift */ = {isa = PBXFileReference; fileEncoding = 4; lastKnownFileType = sourcecode.swift; path = FindVowels.swift; sourceTree = "<group>"; };
		AB1FA11A1AED014000734845 /* maintheme.mp3 */ = {isa = PBXFileReference; lastKnownFileType = audio.mp3; path = maintheme.mp3; sourceTree = "<group>"; };
		AB2F18EB1AD1D633000C9C4F /* Media.xcassets */ = {isa = PBXFileReference; lastKnownFileType = folder.assetcatalog; name = Media.xcassets; path = ../Media.xcassets; sourceTree = "<group>"; };
		AB351F8D1AD93847009D07D1 /* shortsilence.wav */ = {isa = PBXFileReference; lastKnownFileType = audio.wav; path = shortsilence.wav; sourceTree = "<group>"; };
		AB351F8F1AD93DA1009D07D1 /* Credentials.swift */ = {isa = PBXFileReference; fileEncoding = 4; lastKnownFileType = sourcecode.swift; path = Credentials.swift; sourceTree = "<group>"; };
		AB5A23921AD682BE007AB9DD /* miniGamePlayground1.png */ = {isa = PBXFileReference; lastKnownFileType = image.png; path = miniGamePlayground1.png; sourceTree = "<group>"; };
		AB5A23931AD682BE007AB9DD /* miniGamePlayground2.png */ = {isa = PBXFileReference; lastKnownFileType = image.png; path = miniGamePlayground2.png; sourceTree = "<group>"; };
		AB5A23941AD682BE007AB9DD /* miniGamePlayground3.png */ = {isa = PBXFileReference; lastKnownFileType = image.png; path = miniGamePlayground3.png; sourceTree = "<group>"; };
		AB5A23951AD682BE007AB9DD /* miniGamePlayground4.png */ = {isa = PBXFileReference; lastKnownFileType = image.png; path = miniGamePlayground4.png; sourceTree = "<group>"; };
		AB5A23961AD682BE007AB9DD /* miniGamePlayground5.png */ = {isa = PBXFileReference; lastKnownFileType = image.png; path = miniGamePlayground5.png; sourceTree = "<group>"; };
		AB5A23971AD682BE007AB9DD /* miniGamePlayground6.png */ = {isa = PBXFileReference; lastKnownFileType = image.png; path = miniGamePlayground6.png; sourceTree = "<group>"; };
		AB62E5D21ADA93860057B176 /* play_overlay_no_circle.png */ = {isa = PBXFileReference; lastKnownFileType = image.png; path = play_overlay_no_circle.png; sourceTree = "<group>"; };
		AB6AC50B1AD9C078006DAD14 /* spell.mp3 */ = {isa = PBXFileReference; lastKnownFileType = audio.mp3; path = spell.mp3; sourceTree = "<group>"; };
		AB7D6D831AD85E06002645FB /* starting.png */ = {isa = PBXFileReference; lastKnownFileType = image.png; path = starting.png; sourceTree = "<group>"; };
		AB8546DD1AED2B4D00F316B0 /* starts.png */ = {isa = PBXFileReference; lastKnownFileType = image.png; path = starts.png; sourceTree = "<group>"; };
		AB8546DF1AED2CDD00F316B0 /* РАК.mp3 */ = {isa = PBXFileReference; lastKnownFileType = audio.mp3; path = "РАК.mp3"; sourceTree = "<group>"; };
		AB8546E01AED2CDD00F316B0 /* БАНТ.mp3 */ = {isa = PBXFileReference; lastKnownFileType = audio.mp3; path = "БАНТ.mp3"; sourceTree = "<group>"; };
		AB8546E11AED2CDD00F316B0 /* ДРІТ.mp3 */ = {isa = PBXFileReference; lastKnownFileType = audio.mp3; path = "ДРІТ.mp3"; sourceTree = "<group>"; };
		AB8546E21AED2CDD00F316B0 /* ЧЕК.mp3 */ = {isa = PBXFileReference; lastKnownFileType = audio.mp3; path = "ЧЕК.mp3"; sourceTree = "<group>"; };
		AB8546E31AED2CDD00F316B0 /* ВОВК.mp3 */ = {isa = PBXFileReference; lastKnownFileType = audio.mp3; path = "ВОВК.mp3"; sourceTree = "<group>"; };
		AB8546E41AED2CDD00F316B0 /* ПРИЗ.mp3 */ = {isa = PBXFileReference; lastKnownFileType = audio.mp3; path = "ПРИЗ.mp3"; sourceTree = "<group>"; };
		AB8546E51AED2CDD00F316B0 /* КУЩ.mp3 */ = {isa = PBXFileReference; lastKnownFileType = audio.mp3; path = "КУЩ.mp3"; sourceTree = "<group>"; };
		AB8546EF1AED310B00F316B0 /* wrong1.mp3 */ = {isa = PBXFileReference; lastKnownFileType = audio.mp3; path = wrong1.mp3; sourceTree = "<group>"; };
		AB8546F11AED319B00F316B0 /* wrong3.mp3 */ = {isa = PBXFileReference; lastKnownFileType = audio.mp3; path = wrong3.mp3; sourceTree = "<group>"; };
		ABA69CC11AD2A4A10075C896 /* Main.storyboard */ = {isa = PBXFileReference; fileEncoding = 4; lastKnownFileType = file.storyboard; path = Main.storyboard; sourceTree = "<group>"; };
		ABABA6D41AD6B375001F6051 /* button3.png */ = {isa = PBXFileReference; lastKnownFileType = image.png; path = button3.png; sourceTree = "<group>"; };
		ABC706991AED0BB0005A5420 /* correct4.mp3 */ = {isa = PBXFileReference; lastKnownFileType = audio.mp3; path = correct4.mp3; sourceTree = "<group>"; };
		ABC7069A1AED0BB0005A5420 /* correct1.mp3 */ = {isa = PBXFileReference; lastKnownFileType = audio.mp3; path = correct1.mp3; sourceTree = "<group>"; };
		ABC7069B1AED0BB0005A5420 /* correct2.mp3 */ = {isa = PBXFileReference; lastKnownFileType = audio.mp3; path = correct2.mp3; sourceTree = "<group>"; };
		ABC7069C1AED0BB0005A5420 /* correct3.mp3 */ = {isa = PBXFileReference; lastKnownFileType = audio.mp3; path = correct3.mp3; sourceTree = "<group>"; };
		ABC7069D1AED0BB0005A5420 /* correct5.mp3 */ = {isa = PBXFileReference; lastKnownFileType = audio.mp3; path = correct5.mp3; sourceTree = "<group>"; };
		ABC706A31AED0BBB005A5420 /* wrong2.mp3 */ = {isa = PBXFileReference; lastKnownFileType = audio.mp3; path = wrong2.mp3; sourceTree = "<group>"; };
		ABC706A41AED0BBB005A5420 /* wrong4.mp3 */ = {isa = PBXFileReference; lastKnownFileType = audio.mp3; path = wrong4.mp3; sourceTree = "<group>"; };
		ABC706A61AED0BBB005A5420 /* wrong5.mp3 */ = {isa = PBXFileReference; lastKnownFileType = audio.mp3; path = wrong5.mp3; sourceTree = "<group>"; };
		ABC706AD1AED130F005A5420 /* БАК.mp3 */ = {isa = PBXFileReference; lastKnownFileType = audio.mp3; path = "БАК.mp3"; sourceTree = "<group>"; };
		ABC706AE1AED130F005A5420 /* БАНК.mp3 */ = {isa = PBXFileReference; lastKnownFileType = audio.mp3; path = "БАНК.mp3"; sourceTree = "<group>"; };
		ABC706AF1AED130F005A5420 /* БИК.mp3 */ = {isa = PBXFileReference; lastKnownFileType = audio.mp3; path = "БИК.mp3"; sourceTree = "<group>"; };
		ABC706B01AED130F005A5420 /* БІБ.mp3 */ = {isa = PBXFileReference; lastKnownFileType = audio.mp3; path = "БІБ.mp3"; sourceTree = "<group>"; };
		ABC706B11AED130F005A5420 /* БОКС.mp3 */ = {isa = PBXFileReference; lastKnownFileType = audio.mp3; path = "БОКС.mp3"; sourceTree = "<group>"; };
		ABC706B21AED130F005A5420 /* БОРЩ.mp3 */ = {isa = PBXFileReference; lastKnownFileType = audio.mp3; path = "БОРЩ.mp3"; sourceTree = "<group>"; };
		ABC706B31AED130F005A5420 /* БУК.mp3 */ = {isa = PBXFileReference; lastKnownFileType = audio.mp3; path = "БУК.mp3"; sourceTree = "<group>"; };
		ABC706B41AED130F005A5420 /* ВУЖ.mp3 */ = {isa = PBXFileReference; lastKnownFileType = audio.mp3; path = "ВУЖ.mp3"; sourceTree = "<group>"; };
		ABC706B51AED130F005A5420 /* ГАЙ.mp3 */ = {isa = PBXFileReference; lastKnownFileType = audio.mp3; path = "ГАЙ.mp3"; sourceTree = "<group>"; };
		ABC706B61AED130F005A5420 /* ГАК.mp3 */ = {isa = PBXFileReference; lastKnownFileType = audio.mp3; path = "ГАК.mp3"; sourceTree = "<group>"; };
		ABC706B71AED130F005A5420 /* ДАХ.mp3 */ = {isa = PBXFileReference; lastKnownFileType = audio.mp3; path = "ДАХ.mp3"; sourceTree = "<group>"; };
		ABC706B81AED130F005A5420 /* ДЕНЬ.mp3 */ = {isa = PBXFileReference; lastKnownFileType = audio.mp3; path = "ДЕНЬ.mp3"; sourceTree = "<group>"; };
		ABC706B91AED130F005A5420 /* ДИМ.mp3 */ = {isa = PBXFileReference; lastKnownFileType = audio.mp3; path = "ДИМ.mp3"; sourceTree = "<group>"; };
		ABC706BA1AED130F005A5420 /* ДИСК.mp3 */ = {isa = PBXFileReference; lastKnownFileType = audio.mp3; path = "ДИСК.mp3"; sourceTree = "<group>"; };
		ABC706BB1AED130F005A5420 /* ДІД.mp3 */ = {isa = PBXFileReference; lastKnownFileType = audio.mp3; path = "ДІД.mp3"; sourceTree = "<group>"; };
		ABC706BC1AED130F005A5420 /* ДОЩ.mp3 */ = {isa = PBXFileReference; lastKnownFileType = audio.mp3; path = "ДОЩ.mp3"; sourceTree = "<group>"; };
		ABC706BD1AED130F005A5420 /* ДРІЗД.mp3 */ = {isa = PBXFileReference; lastKnownFileType = audio.mp3; path = "ДРІЗД.mp3"; sourceTree = "<group>"; };
		ABC706BE1AED130F005A5420 /* ДУБ.mp3 */ = {isa = PBXFileReference; lastKnownFileType = audio.mp3; path = "ДУБ.mp3"; sourceTree = "<group>"; };
		ABC706BF1AED130F005A5420 /* ДУШ.mp3 */ = {isa = PBXFileReference; lastKnownFileType = audio.mp3; path = "ДУШ.mp3"; sourceTree = "<group>"; };
		ABC706C01AED130F005A5420 /* ЖЕЗЛ.mp3 */ = {isa = PBXFileReference; lastKnownFileType = audio.mp3; path = "ЖЕЗЛ.mp3"; sourceTree = "<group>"; };
		ABC706C11AED130F005A5420 /* ЖИР.mp3 */ = {isa = PBXFileReference; lastKnownFileType = audio.mp3; path = "ЖИР.mp3"; sourceTree = "<group>"; };
		ABC706C21AED130F005A5420 /* ЗУБ.mp3 */ = {isa = PBXFileReference; lastKnownFileType = audio.mp3; path = "ЗУБ.mp3"; sourceTree = "<group>"; };
		ABC706C31AED130F005A5420 /* ЙОД.mp3 */ = {isa = PBXFileReference; lastKnownFileType = audio.mp3; path = "ЙОД.mp3"; sourceTree = "<group>"; };
		ABC706C41AED130F005A5420 /* КИТ.mp3 */ = {isa = PBXFileReference; lastKnownFileType = audio.mp3; path = "КИТ.mp3"; sourceTree = "<group>"; };
		ABC706C51AED130F005A5420 /* КРЕМ.mp3 */ = {isa = PBXFileReference; lastKnownFileType = audio.mp3; path = "КРЕМ.mp3"; sourceTree = "<group>"; };
		ABC706C61AED130F005A5420 /* КРІП.mp3 */ = {isa = PBXFileReference; lastKnownFileType = audio.mp3; path = "КРІП.mp3"; sourceTree = "<group>"; };
		ABC706C71AED130F005A5420 /* КРІТ.mp3 */ = {isa = PBXFileReference; lastKnownFileType = audio.mp3; path = "КРІТ.mp3"; sourceTree = "<group>"; };
		ABC706C81AED130F005A5420 /* КУТ.mp3 */ = {isa = PBXFileReference; lastKnownFileType = audio.mp3; path = "КУТ.mp3"; sourceTree = "<group>"; };
		ABC706C91AED130F005A5420 /* ЛАК.mp3 */ = {isa = PBXFileReference; lastKnownFileType = audio.mp3; path = "ЛАК.mp3"; sourceTree = "<group>"; };
		ABC706CA1AED130F005A5420 /* ЛЕВ.mp3 */ = {isa = PBXFileReference; lastKnownFileType = audio.mp3; path = "ЛЕВ.mp3"; sourceTree = "<group>"; };
		ABC706CB1AED130F005A5420 /* ЛИН.mp3 */ = {isa = PBXFileReference; lastKnownFileType = audio.mp3; path = "ЛИН.mp3"; sourceTree = "<group>"; };
		ABC706CC1AED130F005A5420 /* ЛИС.mp3 */ = {isa = PBXFileReference; lastKnownFileType = audio.mp3; path = "ЛИС.mp3"; sourceTree = "<group>"; };
		ABC706CD1AED130F005A5420 /* ЛИСТ.mp3 */ = {isa = PBXFileReference; lastKnownFileType = audio.mp3; path = "ЛИСТ.mp3"; sourceTree = "<group>"; };
		ABC706CE1AED130F005A5420 /* ЛОБ.mp3 */ = {isa = PBXFileReference; lastKnownFileType = audio.mp3; path = "ЛОБ.mp3"; sourceTree = "<group>"; };
		ABC706CF1AED130F005A5420 /* ЛОМ.mp3 */ = {isa = PBXFileReference; lastKnownFileType = audio.mp3; path = "ЛОМ.mp3"; sourceTree = "<group>"; };
		ABC706D01AED130F005A5420 /* ЛОСЬ.mp3 */ = {isa = PBXFileReference; lastKnownFileType = audio.mp3; path = "ЛОСЬ.mp3"; sourceTree = "<group>"; };
		ABC706D11AED130F005A5420 /* ЛУК.mp3 */ = {isa = PBXFileReference; lastKnownFileType = audio.mp3; path = "ЛУК.mp3"; sourceTree = "<group>"; };
		ABC706D21AED130F005A5420 /* МАК.mp3 */ = {isa = PBXFileReference; lastKnownFileType = audio.mp3; path = "МАК.mp3"; sourceTree = "<group>"; };
		ABC706D31AED130F005A5420 /* МЕД.mp3 */ = {isa = PBXFileReference; lastKnownFileType = audio.mp3; path = "МЕД.mp3"; sourceTree = "<group>"; };
		ABC706D41AED130F005A5420 /* НІЖ.mp3 */ = {isa = PBXFileReference; lastKnownFileType = audio.mp3; path = "НІЖ.mp3"; sourceTree = "<group>"; };
		ABC706D51AED130F005A5420 /* НІС.mp3 */ = {isa = PBXFileReference; lastKnownFileType = audio.mp3; path = "НІС.mp3"; sourceTree = "<group>"; };
		ABC706D61AED130F005A5420 /* НІЧ.mp3 */ = {isa = PBXFileReference; lastKnownFileType = audio.mp3; path = "НІЧ.mp3"; sourceTree = "<group>"; };
		ABC706D71AED130F005A5420 /* ПЕНЬ.mp3 */ = {isa = PBXFileReference; lastKnownFileType = audio.mp3; path = "ПЕНЬ.mp3"; sourceTree = "<group>"; };
		ABC706D81AED130F005A5420 /* ПЕС.mp3 */ = {isa = PBXFileReference; lastKnownFileType = audio.mp3; path = "ПЕС.mp3"; sourceTree = "<group>"; };
		ABC706D91AED130F005A5420 /* ПІЧ.mp3 */ = {isa = PBXFileReference; lastKnownFileType = audio.mp3; path = "ПІЧ.mp3"; sourceTree = "<group>"; };
		ABC706DA1AED130F005A5420 /* САД.mp3 */ = {isa = PBXFileReference; lastKnownFileType = audio.mp3; path = "САД.mp3"; sourceTree = "<group>"; };
		ABC706DB1AED130F005A5420 /* САК.mp3 */ = {isa = PBXFileReference; lastKnownFileType = audio.mp3; path = "САК.mp3"; sourceTree = "<group>"; };
		ABC706DC1AED130F005A5420 /* СИН.mp3 */ = {isa = PBXFileReference; lastKnownFileType = audio.mp3; path = "СИН.mp3"; sourceTree = "<group>"; };
		ABC706DD1AED130F005A5420 /* СІК.mp3 */ = {isa = PBXFileReference; lastKnownFileType = audio.mp3; path = "СІК.mp3"; sourceTree = "<group>"; };
		ABC706DE1AED130F005A5420 /* СОМ.mp3 */ = {isa = PBXFileReference; lastKnownFileType = audio.mp3; path = "СОМ.mp3"; sourceTree = "<group>"; };
		ABC706DF1AED130F005A5420 /* СОН.mp3 */ = {isa = PBXFileReference; lastKnownFileType = audio.mp3; path = "СОН.mp3"; sourceTree = "<group>"; };
		ABC706E01AED130F005A5420 /* СУК.mp3 */ = {isa = PBXFileReference; lastKnownFileType = audio.mp3; path = "СУК.mp3"; sourceTree = "<group>"; };
		ABC706E11AED130F005A5420 /* СУП.mp3 */ = {isa = PBXFileReference; lastKnownFileType = audio.mp3; path = "СУП.mp3"; sourceTree = "<group>"; };
		ABC706E21AED130F005A5420 /* ТИГР.mp3 */ = {isa = PBXFileReference; lastKnownFileType = audio.mp3; path = "ТИГР.mp3"; sourceTree = "<group>"; };
		ABC706E31AED130F005A5420 /* ТИН.mp3 */ = {isa = PBXFileReference; lastKnownFileType = audio.mp3; path = "ТИН.mp3"; sourceTree = "<group>"; };
		ABC706E41AED130F005A5420 /* ТІНЬ.mp3 */ = {isa = PBXFileReference; lastKnownFileType = audio.mp3; path = "ТІНЬ.mp3"; sourceTree = "<group>"; };
		ABC706E51AED130F005A5420 /* ТОМ.mp3 */ = {isa = PBXFileReference; lastKnownFileType = audio.mp3; path = "ТОМ.mp3"; sourceTree = "<group>"; };
		ABC706E61AED130F005A5420 /* ТОРТ.mp3 */ = {isa = PBXFileReference; lastKnownFileType = audio.mp3; path = "ТОРТ.mp3"; sourceTree = "<group>"; };
		ABC706E71AED130F005A5420 /* ХРАМ.mp3 */ = {isa = PBXFileReference; lastKnownFileType = audio.mp3; path = "ХРАМ.mp3"; sourceTree = "<group>"; };
		ABC706E81AED130F005A5420 /* ХРЕСТ.mp3 */ = {isa = PBXFileReference; lastKnownFileType = audio.mp3; path = "ХРЕСТ.mp3"; sourceTree = "<group>"; };
		ABC706E91AED130F005A5420 /* ЦЕП.mp3 */ = {isa = PBXFileReference; lastKnownFileType = audio.mp3; path = "ЦЕП.mp3"; sourceTree = "<group>"; };
		ABC706EA1AED130F005A5420 /* ЧАЙ.mp3 */ = {isa = PBXFileReference; lastKnownFileType = audio.mp3; path = "ЧАЙ.mp3"; sourceTree = "<group>"; };
		ABC706EB1AED130F005A5420 /* ШНУР.mp3 */ = {isa = PBXFileReference; lastKnownFileType = audio.mp3; path = "ШНУР.mp3"; sourceTree = "<group>"; };
		ABC706EC1AED130F005A5420 /* ЩУР.mp3 */ = {isa = PBXFileReference; lastKnownFileType = audio.mp3; path = "ЩУР.mp3"; sourceTree = "<group>"; };
		ABDC0A871AD5AB8A0078B76A /* БАК.png */ = {isa = PBXFileReference; lastKnownFileType = image.png; path = "БАК.png"; sourceTree = "<group>"; };
		ABDC0A881AD5AB8A0078B76A /* БАНТ.png */ = {isa = PBXFileReference; lastKnownFileType = image.png; path = "БАНТ.png"; sourceTree = "<group>"; };
		ABDC0A891AD5AB8A0078B76A /* БИК.png */ = {isa = PBXFileReference; lastKnownFileType = image.png; path = "БИК.png"; sourceTree = "<group>"; };
		ABDC0A8A1AD5AB8A0078B76A /* БОКС.png */ = {isa = PBXFileReference; lastKnownFileType = image.png; path = "БОКС.png"; sourceTree = "<group>"; };
		ABDC0A8B1AD5AB8A0078B76A /* БОРЩ.png */ = {isa = PBXFileReference; lastKnownFileType = image.png; path = "БОРЩ.png"; sourceTree = "<group>"; };
		ABDC0A8C1AD5AB8A0078B76A /* БУК.png */ = {isa = PBXFileReference; lastKnownFileType = image.png; path = "БУК.png"; sourceTree = "<group>"; };
		ABDC0A8D1AD5AB8A0078B76A /* БІБ.png */ = {isa = PBXFileReference; lastKnownFileType = image.png; path = "БІБ.png"; sourceTree = "<group>"; };
		ABDC0A8E1AD5AB8A0078B76A /* ВОВК.png */ = {isa = PBXFileReference; lastKnownFileType = image.png; path = "ВОВК.png"; sourceTree = "<group>"; };
		ABDC0A8F1AD5AB8A0078B76A /* ВУЖ.png */ = {isa = PBXFileReference; lastKnownFileType = image.png; path = "ВУЖ.png"; sourceTree = "<group>"; };
		ABDC0A901AD5AB8A0078B76A /* ГАЙ.png */ = {isa = PBXFileReference; lastKnownFileType = image.png; path = "ГАЙ.png"; sourceTree = "<group>"; };
		ABDC0A911AD5AB8A0078B76A /* ГАК.png */ = {isa = PBXFileReference; lastKnownFileType = image.png; path = "ГАК.png"; sourceTree = "<group>"; };
		ABDC0A921AD5AB8A0078B76A /* ДАХ.png */ = {isa = PBXFileReference; lastKnownFileType = image.png; path = "ДАХ.png"; sourceTree = "<group>"; };
		ABDC0A931AD5AB8A0078B76A /* ДЕНЬ.png */ = {isa = PBXFileReference; lastKnownFileType = image.png; path = "ДЕНЬ.png"; sourceTree = "<group>"; };
		ABDC0A941AD5AB8A0078B76A /* ДИМ.png */ = {isa = PBXFileReference; lastKnownFileType = image.png; path = "ДИМ.png"; sourceTree = "<group>"; };
		ABDC0A951AD5AB8A0078B76A /* ДИСК.png */ = {isa = PBXFileReference; lastKnownFileType = image.png; path = "ДИСК.png"; sourceTree = "<group>"; };
		ABDC0A961AD5AB8A0078B76A /* ДОЩ.png */ = {isa = PBXFileReference; lastKnownFileType = image.png; path = "ДОЩ.png"; sourceTree = "<group>"; };
		ABDC0A981AD5AB8A0078B76A /* ДРІТ.png */ = {isa = PBXFileReference; lastKnownFileType = image.png; path = "ДРІТ.png"; sourceTree = "<group>"; };
		ABDC0A991AD5AB8A0078B76A /* ДУБ.png */ = {isa = PBXFileReference; lastKnownFileType = image.png; path = "ДУБ.png"; sourceTree = "<group>"; };
		ABDC0A9A1AD5AB8A0078B76A /* ДУШ.png */ = {isa = PBXFileReference; lastKnownFileType = image.png; path = "ДУШ.png"; sourceTree = "<group>"; };
		ABDC0A9B1AD5AB8A0078B76A /* ДІД.png */ = {isa = PBXFileReference; lastKnownFileType = image.png; path = "ДІД.png"; sourceTree = "<group>"; };
		ABDC0A9C1AD5AB8A0078B76A /* ЖЕЗЛ.png */ = {isa = PBXFileReference; lastKnownFileType = image.png; path = "ЖЕЗЛ.png"; sourceTree = "<group>"; };
		ABDC0A9D1AD5AB8A0078B76A /* ЖИР.png */ = {isa = PBXFileReference; lastKnownFileType = image.png; path = "ЖИР.png"; sourceTree = "<group>"; };
		ABDC0A9E1AD5AB8A0078B76A /* ЗУБ.png */ = {isa = PBXFileReference; lastKnownFileType = image.png; path = "ЗУБ.png"; sourceTree = "<group>"; };
		ABDC0A9F1AD5AB8A0078B76A /* ЙОД.png */ = {isa = PBXFileReference; lastKnownFileType = image.png; path = "ЙОД.png"; sourceTree = "<group>"; };
		ABDC0AA01AD5AB8A0078B76A /* КИТ.png */ = {isa = PBXFileReference; lastKnownFileType = image.png; path = "КИТ.png"; sourceTree = "<group>"; };
		ABDC0AA11AD5AB8A0078B76A /* КРЕМ.png */ = {isa = PBXFileReference; lastKnownFileType = image.png; path = "КРЕМ.png"; sourceTree = "<group>"; };
		ABDC0AA21AD5AB8A0078B76A /* КРІП.png */ = {isa = PBXFileReference; lastKnownFileType = image.png; path = "КРІП.png"; sourceTree = "<group>"; };
		ABDC0AA31AD5AB8A0078B76A /* КРІТ.png */ = {isa = PBXFileReference; lastKnownFileType = image.png; path = "КРІТ.png"; sourceTree = "<group>"; };
		ABDC0AA41AD5AB8A0078B76A /* КУТ.png */ = {isa = PBXFileReference; lastKnownFileType = image.png; path = "КУТ.png"; sourceTree = "<group>"; };
		ABDC0AA51AD5AB8A0078B76A /* КУЩ.png */ = {isa = PBXFileReference; lastKnownFileType = image.png; path = "КУЩ.png"; sourceTree = "<group>"; };
		ABDC0AA61AD5AB8A0078B76A /* ЛАК.png */ = {isa = PBXFileReference; lastKnownFileType = image.png; path = "ЛАК.png"; sourceTree = "<group>"; };
		ABDC0AA71AD5AB8A0078B76A /* ЛЕВ.png */ = {isa = PBXFileReference; lastKnownFileType = image.png; path = "ЛЕВ.png"; sourceTree = "<group>"; };
		ABDC0AA81AD5AB8A0078B76A /* ЛИН.png */ = {isa = PBXFileReference; lastKnownFileType = image.png; path = "ЛИН.png"; sourceTree = "<group>"; };
		ABDC0AA91AD5AB8A0078B76A /* ЛИС.png */ = {isa = PBXFileReference; lastKnownFileType = image.png; path = "ЛИС.png"; sourceTree = "<group>"; };
		ABDC0AAA1AD5AB8A0078B76A /* ЛИСТ.png */ = {isa = PBXFileReference; lastKnownFileType = image.png; path = "ЛИСТ.png"; sourceTree = "<group>"; };
		ABDC0AAB1AD5AB8A0078B76A /* ЛОБ.png */ = {isa = PBXFileReference; lastKnownFileType = image.png; path = "ЛОБ.png"; sourceTree = "<group>"; };
		ABDC0AAC1AD5AB8A0078B76A /* ЛОМ.png */ = {isa = PBXFileReference; lastKnownFileType = image.png; path = "ЛОМ.png"; sourceTree = "<group>"; };
		ABDC0AAD1AD5AB8A0078B76A /* ЛОСЬ.png */ = {isa = PBXFileReference; lastKnownFileType = image.png; path = "ЛОСЬ.png"; sourceTree = "<group>"; };
		ABDC0AAE1AD5AB8A0078B76A /* ЛУК.png */ = {isa = PBXFileReference; lastKnownFileType = image.png; path = "ЛУК.png"; sourceTree = "<group>"; };
		ABDC0AAF1AD5AB8A0078B76A /* МАК.png */ = {isa = PBXFileReference; lastKnownFileType = image.png; path = "МАК.png"; sourceTree = "<group>"; };
		ABDC0AB01AD5AB8A0078B76A /* МЕД.png */ = {isa = PBXFileReference; lastKnownFileType = image.png; path = "МЕД.png"; sourceTree = "<group>"; };
		ABDC0AB11AD5AB8A0078B76A /* НІЖ.png */ = {isa = PBXFileReference; lastKnownFileType = image.png; path = "НІЖ.png"; sourceTree = "<group>"; };
		ABDC0AB21AD5AB8A0078B76A /* НІС.png */ = {isa = PBXFileReference; lastKnownFileType = image.png; path = "НІС.png"; sourceTree = "<group>"; };
		ABDC0AB31AD5AB8A0078B76A /* НІЧ.png */ = {isa = PBXFileReference; lastKnownFileType = image.png; path = "НІЧ.png"; sourceTree = "<group>"; };
		ABDC0AB41AD5AB8A0078B76A /* ПЕНЬ.png */ = {isa = PBXFileReference; lastKnownFileType = image.png; path = "ПЕНЬ.png"; sourceTree = "<group>"; };
		ABDC0AB51AD5AB8A0078B76A /* ПЕС.png */ = {isa = PBXFileReference; lastKnownFileType = image.png; path = "ПЕС.png"; sourceTree = "<group>"; };
		ABDC0AB61AD5AB8A0078B76A /* ПРИЗ.png */ = {isa = PBXFileReference; lastKnownFileType = image.png; path = "ПРИЗ.png"; sourceTree = "<group>"; };
		ABDC0AB71AD5AB8A0078B76A /* ПІЧ.png */ = {isa = PBXFileReference; lastKnownFileType = image.png; path = "ПІЧ.png"; sourceTree = "<group>"; };
		ABDC0AB81AD5AB8A0078B76A /* РАК.png */ = {isa = PBXFileReference; lastKnownFileType = image.png; path = "РАК.png"; sourceTree = "<group>"; };
		ABDC0AB91AD5AB8A0078B76A /* САД.png */ = {isa = PBXFileReference; lastKnownFileType = image.png; path = "САД.png"; sourceTree = "<group>"; };
		ABDC0ABA1AD5AB8A0078B76A /* САК.png */ = {isa = PBXFileReference; lastKnownFileType = image.png; path = "САК.png"; sourceTree = "<group>"; };
		ABDC0ABB1AD5AB8A0078B76A /* СИН.png */ = {isa = PBXFileReference; lastKnownFileType = image.png; path = "СИН.png"; sourceTree = "<group>"; };
		ABDC0ABC1AD5AB8B0078B76A /* СОМ.png */ = {isa = PBXFileReference; lastKnownFileType = image.png; path = "СОМ.png"; sourceTree = "<group>"; };
		ABDC0ABD1AD5AB8B0078B76A /* СОН.png */ = {isa = PBXFileReference; lastKnownFileType = image.png; path = "СОН.png"; sourceTree = "<group>"; };
		ABDC0ABE1AD5AB8B0078B76A /* СУК.png */ = {isa = PBXFileReference; lastKnownFileType = image.png; path = "СУК.png"; sourceTree = "<group>"; };
		ABDC0ABF1AD5AB8B0078B76A /* СУП.png */ = {isa = PBXFileReference; lastKnownFileType = image.png; path = "СУП.png"; sourceTree = "<group>"; };
		ABDC0AC01AD5AB8B0078B76A /* СІК.png */ = {isa = PBXFileReference; lastKnownFileType = image.png; path = "СІК.png"; sourceTree = "<group>"; };
		ABDC0AC11AD5AB8B0078B76A /* ТИГР.png */ = {isa = PBXFileReference; lastKnownFileType = image.png; path = "ТИГР.png"; sourceTree = "<group>"; };
		ABDC0AC21AD5AB8B0078B76A /* ТИН.png */ = {isa = PBXFileReference; lastKnownFileType = image.png; path = "ТИН.png"; sourceTree = "<group>"; };
		ABDC0AC31AD5AB8B0078B76A /* ТОМ.png */ = {isa = PBXFileReference; lastKnownFileType = image.png; path = "ТОМ.png"; sourceTree = "<group>"; };
		ABDC0AC41AD5AB8B0078B76A /* ТОРТ.png */ = {isa = PBXFileReference; lastKnownFileType = image.png; path = "ТОРТ.png"; sourceTree = "<group>"; };
		ABDC0AC51AD5AB8B0078B76A /* ТІНЬ.png */ = {isa = PBXFileReference; lastKnownFileType = image.png; path = "ТІНЬ.png"; sourceTree = "<group>"; };
		ABDC0AC61AD5AB8B0078B76A /* ХРАМ.png */ = {isa = PBXFileReference; lastKnownFileType = image.png; path = "ХРАМ.png"; sourceTree = "<group>"; };
		ABDC0AC71AD5AB8B0078B76A /* ХРЕСТ.png */ = {isa = PBXFileReference; lastKnownFileType = image.png; path = "ХРЕСТ.png"; sourceTree = "<group>"; };
		ABDC0AC81AD5AB8B0078B76A /* ЦЕП.png */ = {isa = PBXFileReference; lastKnownFileType = image.png; path = "ЦЕП.png"; sourceTree = "<group>"; };
		ABDC0AC91AD5AB8B0078B76A /* ЧАЙ.png */ = {isa = PBXFileReference; lastKnownFileType = image.png; path = "ЧАЙ.png"; sourceTree = "<group>"; };
		ABDC0ACA1AD5AB8B0078B76A /* ЧЕК.png */ = {isa = PBXFileReference; lastKnownFileType = image.png; path = "ЧЕК.png"; sourceTree = "<group>"; };
		ABDC0ACB1AD5AB8B0078B76A /* ШНУР.png */ = {isa = PBXFileReference; lastKnownFileType = image.png; path = "ШНУР.png"; sourceTree = "<group>"; };
		ABDC0ACC1AD5AB8B0078B76A /* ЩУР.png */ = {isa = PBXFileReference; lastKnownFileType = image.png; path = "ЩУР.png"; sourceTree = "<group>"; };
		ABEE88B61AD7065400C00B9C /* reload.png */ = {isa = PBXFileReference; lastKnownFileType = image.png; path = reload.png; sourceTree = "<group>"; };
		ABEE88B71AD7065400C00B9C /* backarrow.png */ = {isa = PBXFileReference; lastKnownFileType = image.png; path = backarrow.png; sourceTree = "<group>"; };
		ABEE88C01AD728ED00C00B9C /* ДРІЗД.png */ = {isa = PBXFileReference; lastKnownFileType = image.png; path = "ДРІЗД.png"; sourceTree = "<group>"; };
		ABFC67FE1AD7BE0700F5F759 /* infonew.png */ = {isa = PBXFileReference; lastKnownFileType = image.png; path = infonew.png; sourceTree = "<group>"; };
/* End PBXFileReference section */

/* Begin PBXFrameworksBuildPhase section */
		AB04CB361ACD56F500215976 /* Frameworks */ = {
			isa = PBXFrameworksBuildPhase;
			buildActionMask = 2147483647;
			files = (
			);
			runOnlyForDeploymentPostprocessing = 0;
		};
		AB04CB4B1ACD56F500215976 /* Frameworks */ = {
			isa = PBXFrameworksBuildPhase;
			buildActionMask = 2147483647;
			files = (
			);
			runOnlyForDeploymentPostprocessing = 0;
		};
/* End PBXFrameworksBuildPhase section */

/* Begin PBXGroup section */
		AB04CB301ACD56F500215976 = {
			isa = PBXGroup;
			children = (
				AB04CB3B1ACD56F500215976 /* Sounds */,
				AB04CB511ACD56F500215976 /* SoundsTests */,
				AB04CB3A1ACD56F500215976 /* Products */,
			);
			sourceTree = "<group>";
		};
		AB04CB3A1ACD56F500215976 /* Products */ = {
			isa = PBXGroup;
			children = (
				AB04CB391ACD56F500215976 /* Sounds.app */,
				AB04CB4E1ACD56F500215976 /* SoundsTests.xctest */,
			);
			name = Products;
			sourceTree = "<group>";
		};
		AB04CB3B1ACD56F500215976 /* Sounds */ = {
			isa = PBXGroup;
			children = (
				AB04CB3E1ACD56F500215976 /* AppDelegate.swift */,
				AB04CB5E1ACD57C700215976 /* FindVowels.swift */,
				AB351F8F1AD93DA1009D07D1 /* Credentials.swift */,
				ABA69CC11AD2A4A10075C896 /* Main.storyboard */,
				AB04CB471ACD56F500215976 /* LaunchScreen.xib */,
				AB2F18EB1AD1D633000C9C4F /* Media.xcassets */,
				AB04CB3C1ACD56F500215976 /* Supporting Files */,
			);
			name = Sounds;
			path = "/Volumes/JetDrive Lite 350/Документы/iOS Projects/Sounds/Sounds";
			sourceTree = "<absolute>";
		};
		AB04CB3C1ACD56F500215976 /* Supporting Files */ = {
			isa = PBXGroup;
			children = (
				AB8128EE1AD0248E009EF94A /* FindSound */,
				AB04CB3D1ACD56F500215976 /* Info.plist */,
			);
			name = "Supporting Files";
			sourceTree = "<group>";
		};
		AB04CB511ACD56F500215976 /* SoundsTests */ = {
			isa = PBXGroup;
			children = (
				AB04CB541ACD56F500215976 /* SoundsTests.swift */,
				AB04CB521ACD56F500215976 /* Supporting Files */,
			);
			path = SoundsTests;
			sourceTree = "<group>";
		};
		AB04CB521ACD56F500215976 /* Supporting Files */ = {
			isa = PBXGroup;
			children = (
				AB04CB531ACD56F500215976 /* Info.plist */,
			);
			name = "Supporting Files";
			sourceTree = "<group>";
		};
		AB351F7E1AD93770009D07D1 /* correctSounds */ = {
			isa = PBXGroup;
			children = (
				ABC7069A1AED0BB0005A5420 /* correct1.mp3 */,
				ABC7069B1AED0BB0005A5420 /* correct2.mp3 */,
				ABC7069C1AED0BB0005A5420 /* correct3.mp3 */,
				ABC706991AED0BB0005A5420 /* correct4.mp3 */,
				ABC7069D1AED0BB0005A5420 /* correct5.mp3 */,
			);
			path = correctSounds;
			sourceTree = "<group>";
		};
		AB5A23771AD681DC007AB9DD /* itemSounds */ = {
			isa = PBXGroup;
			children = (
				AB8546DF1AED2CDD00F316B0 /* РАК.mp3 */,
				AB8546E01AED2CDD00F316B0 /* БАНТ.mp3 */,
				AB8546E11AED2CDD00F316B0 /* ДРІТ.mp3 */,
				AB8546E21AED2CDD00F316B0 /* ЧЕК.mp3 */,
				AB8546E31AED2CDD00F316B0 /* ВОВК.mp3 */,
				AB8546E41AED2CDD00F316B0 /* ПРИЗ.mp3 */,
				AB8546E51AED2CDD00F316B0 /* КУЩ.mp3 */,
				ABC706AD1AED130F005A5420 /* БАК.mp3 */,
				ABC706AE1AED130F005A5420 /* БАНК.mp3 */,
				ABC706AF1AED130F005A5420 /* БИК.mp3 */,
				ABC706B01AED130F005A5420 /* БІБ.mp3 */,
				ABC706B11AED130F005A5420 /* БОКС.mp3 */,
				ABC706B21AED130F005A5420 /* БОРЩ.mp3 */,
				ABC706B31AED130F005A5420 /* БУК.mp3 */,
				ABC706B41AED130F005A5420 /* ВУЖ.mp3 */,
				ABC706B51AED130F005A5420 /* ГАЙ.mp3 */,
				ABC706B61AED130F005A5420 /* ГАК.mp3 */,
				ABC706B71AED130F005A5420 /* ДАХ.mp3 */,
				ABC706B81AED130F005A5420 /* ДЕНЬ.mp3 */,
				ABC706B91AED130F005A5420 /* ДИМ.mp3 */,
				ABC706BA1AED130F005A5420 /* ДИСК.mp3 */,
				ABC706BB1AED130F005A5420 /* ДІД.mp3 */,
				ABC706BC1AED130F005A5420 /* ДОЩ.mp3 */,
				ABC706BD1AED130F005A5420 /* ДРІЗД.mp3 */,
				ABC706BE1AED130F005A5420 /* ДУБ.mp3 */,
				ABC706BF1AED130F005A5420 /* ДУШ.mp3 */,
				ABC706C01AED130F005A5420 /* ЖЕЗЛ.mp3 */,
				ABC706C11AED130F005A5420 /* ЖИР.mp3 */,
				ABC706C21AED130F005A5420 /* ЗУБ.mp3 */,
				ABC706C31AED130F005A5420 /* ЙОД.mp3 */,
				ABC706C41AED130F005A5420 /* КИТ.mp3 */,
				ABC706C51AED130F005A5420 /* КРЕМ.mp3 */,
				ABC706C61AED130F005A5420 /* КРІП.mp3 */,
				ABC706C71AED130F005A5420 /* КРІТ.mp3 */,
				ABC706C81AED130F005A5420 /* КУТ.mp3 */,
				ABC706C91AED130F005A5420 /* ЛАК.mp3 */,
				ABC706CA1AED130F005A5420 /* ЛЕВ.mp3 */,
				ABC706CB1AED130F005A5420 /* ЛИН.mp3 */,
				ABC706CC1AED130F005A5420 /* ЛИС.mp3 */,
				ABC706CD1AED130F005A5420 /* ЛИСТ.mp3 */,
				ABC706CE1AED130F005A5420 /* ЛОБ.mp3 */,
				ABC706CF1AED130F005A5420 /* ЛОМ.mp3 */,
				ABC706D01AED130F005A5420 /* ЛОСЬ.mp3 */,
				ABC706D11AED130F005A5420 /* ЛУК.mp3 */,
				ABC706D21AED130F005A5420 /* МАК.mp3 */,
				ABC706D31AED130F005A5420 /* МЕД.mp3 */,
				ABC706D41AED130F005A5420 /* НІЖ.mp3 */,
				ABC706D51AED130F005A5420 /* НІС.mp3 */,
				ABC706D61AED130F005A5420 /* НІЧ.mp3 */,
				ABC706D71AED130F005A5420 /* ПЕНЬ.mp3 */,
				ABC706D81AED130F005A5420 /* ПЕС.mp3 */,
				ABC706D91AED130F005A5420 /* ПІЧ.mp3 */,
				ABC706DA1AED130F005A5420 /* САД.mp3 */,
				ABC706DB1AED130F005A5420 /* САК.mp3 */,
				ABC706DC1AED130F005A5420 /* СИН.mp3 */,
				ABC706DD1AED130F005A5420 /* СІК.mp3 */,
				ABC706DE1AED130F005A5420 /* СОМ.mp3 */,
				ABC706DF1AED130F005A5420 /* СОН.mp3 */,
				ABC706E01AED130F005A5420 /* СУК.mp3 */,
				ABC706E11AED130F005A5420 /* СУП.mp3 */,
				ABC706E21AED130F005A5420 /* ТИГР.mp3 */,
				ABC706E31AED130F005A5420 /* ТИН.mp3 */,
				ABC706E41AED130F005A5420 /* ТІНЬ.mp3 */,
				ABC706E51AED130F005A5420 /* ТОМ.mp3 */,
				ABC706E61AED130F005A5420 /* ТОРТ.mp3 */,
				ABC706E71AED130F005A5420 /* ХРАМ.mp3 */,
				ABC706E81AED130F005A5420 /* ХРЕСТ.mp3 */,
				ABC706E91AED130F005A5420 /* ЦЕП.mp3 */,
				ABC706EA1AED130F005A5420 /* ЧАЙ.mp3 */,
				ABC706EB1AED130F005A5420 /* ШНУР.mp3 */,
				ABC706EC1AED130F005A5420 /* ЩУР.mp3 */,
				AB351F8D1AD93847009D07D1 /* shortsilence.wav */,
			);
			path = itemSounds;
			sourceTree = "<group>";
		};
		AB5A23901AD682BE007AB9DD /* gameAssets */ = {
			isa = PBXGroup;
			children = (
				AB6AC50B1AD9C078006DAD14 /* spell.mp3 */,
				ABEE88B61AD7065400C00B9C /* reload.png */,
				ABEE88B71AD7065400C00B9C /* backarrow.png */,
				ABABA6D41AD6B375001F6051 /* button3.png */,
				AB5A23921AD682BE007AB9DD /* miniGamePlayground1.png */,
				AB5A23931AD682BE007AB9DD /* miniGamePlayground2.png */,
				AB5A23941AD682BE007AB9DD /* miniGamePlayground3.png */,
				AB5A23951AD682BE007AB9DD /* miniGamePlayground4.png */,
				AB5A23961AD682BE007AB9DD /* miniGamePlayground5.png */,
				AB5A23971AD682BE007AB9DD /* miniGamePlayground6.png */,
			);
			path = gameAssets;
			sourceTree = "<group>";
		};
		AB5A239F1AD682C5007AB9DD /* mainMenuAssets */ = {
			isa = PBXGroup;
			children = (
				AB8546DD1AED2B4D00F316B0 /* starts.png */,
				AB1FA11A1AED014000734845 /* maintheme.mp3 */,
				AB62E5D21ADA93860057B176 /* play_overlay_no_circle.png */,
				AB7D6D831AD85E06002645FB /* starting.png */,
				ABFC67FE1AD7BE0700F5F759 /* infonew.png */,
			);
			path = mainMenuAssets;
			sourceTree = "<group>";
		};
		AB8128EE1AD0248E009EF94A /* FindSound */ = {
			isa = PBXGroup;
			children = (
				AB5A239F1AD682C5007AB9DD /* mainMenuAssets */,
				AB5A23901AD682BE007AB9DD /* gameAssets */,
				ABDC0A861AD5AB8A0078B76A /* itemPicures */,
				AB5A23771AD681DC007AB9DD /* itemSounds */,
				AB351F7E1AD93770009D07D1 /* correctSounds */,
				ABB8BB7E1AD92B2D00598E17 /* wrongSounds */,
			);
			name = FindSound;
			path = FindSoundGame;
			sourceTree = "<group>";
		};
		ABB8BB7E1AD92B2D00598E17 /* wrongSounds */ = {
			isa = PBXGroup;
			children = (
				AB8546EF1AED310B00F316B0 /* wrong1.mp3 */,
				ABC706A31AED0BBB005A5420 /* wrong2.mp3 */,
				AB8546F11AED319B00F316B0 /* wrong3.mp3 */,
				ABC706A41AED0BBB005A5420 /* wrong4.mp3 */,
				ABC706A61AED0BBB005A5420 /* wrong5.mp3 */,
			);
			path = wrongSounds;
			sourceTree = "<group>";
		};
		ABDC0A861AD5AB8A0078B76A /* itemPicures */ = {
			isa = PBXGroup;
			children = (
				ABDC0A871AD5AB8A0078B76A /* БАК.png */,
				ABDC0A881AD5AB8A0078B76A /* БАНТ.png */,
				ABDC0A891AD5AB8A0078B76A /* БИК.png */,
				ABDC0A8A1AD5AB8A0078B76A /* БОКС.png */,
				ABDC0A8B1AD5AB8A0078B76A /* БОРЩ.png */,
				ABDC0A8C1AD5AB8A0078B76A /* БУК.png */,
				ABDC0A8D1AD5AB8A0078B76A /* БІБ.png */,
				ABDC0A8E1AD5AB8A0078B76A /* ВОВК.png */,
				ABDC0A8F1AD5AB8A0078B76A /* ВУЖ.png */,
				ABDC0A901AD5AB8A0078B76A /* ГАЙ.png */,
				ABDC0A911AD5AB8A0078B76A /* ГАК.png */,
				ABDC0A921AD5AB8A0078B76A /* ДАХ.png */,
				ABDC0A931AD5AB8A0078B76A /* ДЕНЬ.png */,
				ABDC0A941AD5AB8A0078B76A /* ДИМ.png */,
				ABDC0A951AD5AB8A0078B76A /* ДИСК.png */,
				ABDC0A961AD5AB8A0078B76A /* ДОЩ.png */,
				ABEE88C01AD728ED00C00B9C /* ДРІЗД.png */,
				ABDC0A981AD5AB8A0078B76A /* ДРІТ.png */,
				ABDC0A991AD5AB8A0078B76A /* ДУБ.png */,
				ABDC0A9A1AD5AB8A0078B76A /* ДУШ.png */,
				ABDC0A9B1AD5AB8A0078B76A /* ДІД.png */,
				ABDC0A9C1AD5AB8A0078B76A /* ЖЕЗЛ.png */,
				ABDC0A9D1AD5AB8A0078B76A /* ЖИР.png */,
				ABDC0A9E1AD5AB8A0078B76A /* ЗУБ.png */,
				ABDC0A9F1AD5AB8A0078B76A /* ЙОД.png */,
				ABDC0AA01AD5AB8A0078B76A /* КИТ.png */,
				ABDC0AA11AD5AB8A0078B76A /* КРЕМ.png */,
				ABDC0AA21AD5AB8A0078B76A /* КРІП.png */,
				ABDC0AA31AD5AB8A0078B76A /* КРІТ.png */,
				ABDC0AA41AD5AB8A0078B76A /* КУТ.png */,
				ABDC0AA51AD5AB8A0078B76A /* КУЩ.png */,
				ABDC0AA61AD5AB8A0078B76A /* ЛАК.png */,
				ABDC0AA71AD5AB8A0078B76A /* ЛЕВ.png */,
				ABDC0AA81AD5AB8A0078B76A /* ЛИН.png */,
				ABDC0AA91AD5AB8A0078B76A /* ЛИС.png */,
				ABDC0AAA1AD5AB8A0078B76A /* ЛИСТ.png */,
				ABDC0AAB1AD5AB8A0078B76A /* ЛОБ.png */,
				ABDC0AAC1AD5AB8A0078B76A /* ЛОМ.png */,
				ABDC0AAD1AD5AB8A0078B76A /* ЛОСЬ.png */,
				ABDC0AAE1AD5AB8A0078B76A /* ЛУК.png */,
				ABDC0AAF1AD5AB8A0078B76A /* МАК.png */,
				ABDC0AB01AD5AB8A0078B76A /* МЕД.png */,
				ABDC0AB11AD5AB8A0078B76A /* НІЖ.png */,
				ABDC0AB21AD5AB8A0078B76A /* НІС.png */,
				ABDC0AB31AD5AB8A0078B76A /* НІЧ.png */,
				ABDC0AB41AD5AB8A0078B76A /* ПЕНЬ.png */,
				ABDC0AB51AD5AB8A0078B76A /* ПЕС.png */,
				ABDC0AB61AD5AB8A0078B76A /* ПРИЗ.png */,
				ABDC0AB71AD5AB8A0078B76A /* ПІЧ.png */,
				ABDC0AB81AD5AB8A0078B76A /* РАК.png */,
				ABDC0AB91AD5AB8A0078B76A /* САД.png */,
				ABDC0ABA1AD5AB8A0078B76A /* САК.png */,
				ABDC0ABB1AD5AB8A0078B76A /* СИН.png */,
				ABDC0ABC1AD5AB8B0078B76A /* СОМ.png */,
				ABDC0ABD1AD5AB8B0078B76A /* СОН.png */,
				ABDC0ABE1AD5AB8B0078B76A /* СУК.png */,
				ABDC0ABF1AD5AB8B0078B76A /* СУП.png */,
				ABDC0AC01AD5AB8B0078B76A /* СІК.png */,
				ABDC0AC11AD5AB8B0078B76A /* ТИГР.png */,
				ABDC0AC21AD5AB8B0078B76A /* ТИН.png */,
				ABDC0AC31AD5AB8B0078B76A /* ТОМ.png */,
				ABDC0AC41AD5AB8B0078B76A /* ТОРТ.png */,
				ABDC0AC51AD5AB8B0078B76A /* ТІНЬ.png */,
				ABDC0AC61AD5AB8B0078B76A /* ХРАМ.png */,
				ABDC0AC71AD5AB8B0078B76A /* ХРЕСТ.png */,
				ABDC0AC81AD5AB8B0078B76A /* ЦЕП.png */,
				ABDC0AC91AD5AB8B0078B76A /* ЧАЙ.png */,
				ABDC0ACA1AD5AB8B0078B76A /* ЧЕК.png */,
				ABDC0ACB1AD5AB8B0078B76A /* ШНУР.png */,
				ABDC0ACC1AD5AB8B0078B76A /* ЩУР.png */,
			);
			name = itemPicures;
			path = itemPictures;
			sourceTree = "<group>";
		};
/* End PBXGroup section */

/* Begin PBXNativeTarget section */
		AB04CB381ACD56F500215976 /* Sounds */ = {
			isa = PBXNativeTarget;
			buildConfigurationList = AB04CB581ACD56F500215976 /* Build configuration list for PBXNativeTarget "Sounds" */;
			buildPhases = (
				AB04CB351ACD56F500215976 /* Sources */,
				AB04CB361ACD56F500215976 /* Frameworks */,
				AB04CB371ACD56F500215976 /* Resources */,
			);
			buildRules = (
			);
			dependencies = (
			);
			name = Sounds;
			productName = Sounds;
			productReference = AB04CB391ACD56F500215976 /* Sounds.app */;
			productType = "com.apple.product-type.application";
		};
		AB04CB4D1ACD56F500215976 /* SoundsTests */ = {
			isa = PBXNativeTarget;
			buildConfigurationList = AB04CB5B1ACD56F500215976 /* Build configuration list for PBXNativeTarget "SoundsTests" */;
			buildPhases = (
				AB04CB4A1ACD56F500215976 /* Sources */,
				AB04CB4B1ACD56F500215976 /* Frameworks */,
				AB04CB4C1ACD56F500215976 /* Resources */,
			);
			buildRules = (
			);
			dependencies = (
				AB04CB501ACD56F500215976 /* PBXTargetDependency */,
			);
			name = SoundsTests;
			productName = SoundsTests;
			productReference = AB04CB4E1ACD56F500215976 /* SoundsTests.xctest */;
			productType = "com.apple.product-type.bundle.unit-test";
		};
/* End PBXNativeTarget section */

/* Begin PBXProject section */
		AB04CB311ACD56F500215976 /* Project object */ = {
			isa = PBXProject;
			attributes = {
				LastUpgradeCheck = 0630;
				ORGANIZATIONNAME = "Oleksandr Ovadenko";
				TargetAttributes = {
					AB04CB381ACD56F500215976 = {
						CreatedOnToolsVersion = 6.3;
						DevelopmentTeam = ARMLMNFVFX;
					};
					AB04CB4D1ACD56F500215976 = {
						CreatedOnToolsVersion = 6.3;
						TestTargetID = AB04CB381ACD56F500215976;
					};
				};
			};
			buildConfigurationList = AB04CB341ACD56F500215976 /* Build configuration list for PBXProject "sounds" */;
			compatibilityVersion = "Xcode 3.2";
			developmentRegion = English;
			hasScannedForEncodings = 0;
			knownRegions = (
				Base,
				uk,
			);
			mainGroup = AB04CB301ACD56F500215976;
			productRefGroup = AB04CB3A1ACD56F500215976 /* Products */;
			projectDirPath = "";
			projectRoot = "";
			targets = (
				AB04CB381ACD56F500215976 /* Sounds */,
				AB04CB4D1ACD56F500215976 /* SoundsTests */,
			);
		};
/* End PBXProject section */

/* Begin PBXResourcesBuildPhase section */
		AB04CB371ACD56F500215976 /* Resources */ = {
			isa = PBXResourcesBuildPhase;
			buildActionMask = 2147483647;
			files = (
				ABC706FB1AED130F005A5420 /* ДІД.mp3 in Resources */,
				ABDC0AE71AD5AB8B0078B76A /* КРЕМ.png in Resources */,
				ABC707131AED130F005A5420 /* МЕД.mp3 in Resources */,
				ABDC0AE61AD5AB8B0078B76A /* КИТ.png in Resources */,
				ABDC0AED1AD5AB8B0078B76A /* ЛЕВ.png in Resources */,
				ABEE88C11AD728ED00C00B9C /* ДРІЗД.png in Resources */,
				ABDC0AF11AD5AB8B0078B76A /* ЛОБ.png in Resources */,
				ABDC0AEF1AD5AB8B0078B76A /* ЛИС.png in Resources */,
				ABDC0AF21AD5AB8B0078B76A /* ЛОМ.png in Resources */,
				AB8546EC1AED2CDD00F316B0 /* КУЩ.mp3 in Resources */,
				AB2F18EC1AD1D633000C9C4F /* Media.xcassets in Resources */,
				AB6AC50C1AD9C078006DAD14 /* spell.mp3 in Resources */,
				ABDC0AD61AD5AB8B0078B76A /* ГАЙ.png in Resources */,
				ABC707011AED130F005A5420 /* ЖИР.mp3 in Resources */,
				ABDC0AF51AD5AB8B0078B76A /* МАК.png in Resources */,
				ABEE88B81AD7065400C00B9C /* reload.png in Resources */,
				ABDC0ADE1AD5AB8B0078B76A /* ДРІТ.png in Resources */,
				ABC707181AED130F005A5420 /* ПЕС.mp3 in Resources */,
				ABC7072C1AED130F005A5420 /* ЩУР.mp3 in Resources */,
				ABC706EF1AED130F005A5420 /* БИК.mp3 in Resources */,
				ABC707291AED130F005A5420 /* ЦЕП.mp3 in Resources */,
				AB5A239E1AD682BE007AB9DD /* miniGamePlayground6.png in Resources */,
				AB8546F21AED319B00F316B0 /* wrong3.mp3 in Resources */,
				ABDC0AD71AD5AB8B0078B76A /* ГАК.png in Resources */,
				ABDC0AF41AD5AB8B0078B76A /* ЛУК.png in Resources */,
				ABDC0AFD1AD5AB8B0078B76A /* ПІЧ.png in Resources */,
				ABDC0AE31AD5AB8B0078B76A /* ЖИР.png in Resources */,
				ABC706A01AED0BB0005A5420 /* correct2.mp3 in Resources */,
				ABC706F91AED130F005A5420 /* ДИМ.mp3 in Resources */,
				ABDC0AD31AD5AB8B0078B76A /* БІБ.png in Resources */,
				AB5A23991AD682BE007AB9DD /* miniGamePlayground1.png in Resources */,
				ABDC0ADF1AD5AB8B0078B76A /* ДУБ.png in Resources */,
				ABC707211AED130F005A5420 /* СУП.mp3 in Resources */,
				AB8546E61AED2CDD00F316B0 /* РАК.mp3 in Resources */,
				ABDC0B0A1AD5AB8B0078B76A /* ТОРТ.png in Resources */,
				AB7D6D841AD85E06002645FB /* starting.png in Resources */,
				ABDC0B061AD5AB8B0078B76A /* СІК.png in Resources */,
				AB1FA11B1AED014000734845 /* maintheme.mp3 in Resources */,
				ABDC0AF91AD5AB8B0078B76A /* НІЧ.png in Resources */,
				ABC706FC1AED130F005A5420 /* ДОЩ.mp3 in Resources */,
				ABDC0ADA1AD5AB8B0078B76A /* ДИМ.png in Resources */,
				ABC7070A1AED130F005A5420 /* ЛЕВ.mp3 in Resources */,
				ABC7071B1AED130F005A5420 /* САК.mp3 in Resources */,
				ABC707001AED130F005A5420 /* ЖЕЗЛ.mp3 in Resources */,
				ABC707261AED130F005A5420 /* ТОРТ.mp3 in Resources */,
				ABDC0AE01AD5AB8B0078B76A /* ДУШ.png in Resources */,
				ABC706EE1AED130F005A5420 /* БАНК.mp3 in Resources */,
				ABDC0AE91AD5AB8B0078B76A /* КРІТ.png in Resources */,
				ABA69CC21AD2A4A10075C896 /* Main.storyboard in Resources */,
				ABDC0AE21AD5AB8B0078B76A /* ЖЕЗЛ.png in Resources */,
				ABDC0AEC1AD5AB8B0078B76A /* ЛАК.png in Resources */,
				ABC706FA1AED130F005A5420 /* ДИСК.mp3 in Resources */,
				ABC707091AED130F005A5420 /* ЛАК.mp3 in Resources */,
				ABC706A21AED0BB0005A5420 /* correct5.mp3 in Resources */,
				ABDC0AFE1AD5AB8B0078B76A /* РАК.png in Resources */,
				ABDC0AD51AD5AB8B0078B76A /* ВУЖ.png in Resources */,
				ABC707191AED130F005A5420 /* ПІЧ.mp3 in Resources */,
				ABC707201AED130F005A5420 /* СУК.mp3 in Resources */,
				ABC7070F1AED130F005A5420 /* ЛОМ.mp3 in Resources */,
				AB5A239B1AD682BE007AB9DD /* miniGamePlayground3.png in Resources */,
				ABDC0AD81AD5AB8B0078B76A /* ДАХ.png in Resources */,
				ABC7071D1AED130F005A5420 /* СІК.mp3 in Resources */,
				AB8546F01AED310B00F316B0 /* wrong1.mp3 in Resources */,
				ABC707151AED130F005A5420 /* НІС.mp3 in Resources */,
				ABC7069F1AED0BB0005A5420 /* correct1.mp3 in Resources */,
				ABC706FD1AED130F005A5420 /* ДРІЗД.mp3 in Resources */,
				AB351F8E1AD93847009D07D1 /* shortsilence.wav in Resources */,
				ABDC0AD21AD5AB8B0078B76A /* БУК.png in Resources */,
				ABC7070C1AED130F005A5420 /* ЛИС.mp3 in Resources */,
				ABC7072A1AED130F005A5420 /* ЧАЙ.mp3 in Resources */,
				ABC706F61AED130F005A5420 /* ГАК.mp3 in Resources */,
				ABC707031AED130F005A5420 /* ЙОД.mp3 in Resources */,
				ABC707221AED130F005A5420 /* ТИГР.mp3 in Resources */,
				ABDC0AF31AD5AB8B0078B76A /* ЛОСЬ.png in Resources */,
				ABDC0AF71AD5AB8B0078B76A /* НІЖ.png in Resources */,
				ABC707141AED130F005A5420 /* НІЖ.mp3 in Resources */,
				ABC707051AED130F005A5420 /* КРЕМ.mp3 in Resources */,
				ABC706ED1AED130F005A5420 /* БАК.mp3 in Resources */,
				ABC707161AED130F005A5420 /* НІЧ.mp3 in Resources */,
				AB8546E81AED2CDD00F316B0 /* ДРІТ.mp3 in Resources */,
				ABDC0AD11AD5AB8B0078B76A /* БОРЩ.png in Resources */,
				ABDC0B081AD5AB8B0078B76A /* ТИН.png in Resources */,
				ABDC0B0F1AD5AB8B0078B76A /* ЧАЙ.png in Resources */,
				ABDC0AD41AD5AB8B0078B76A /* ВОВК.png in Resources */,
				ABC706FF1AED130F005A5420 /* ДУШ.mp3 in Resources */,
				ABC707021AED130F005A5420 /* ЗУБ.mp3 in Resources */,
				AB62E5D31ADA93860057B176 /* play_overlay_no_circle.png in Resources */,
				AB5A239A1AD682BE007AB9DD /* miniGamePlayground2.png in Resources */,
				ABDC0B031AD5AB8B0078B76A /* СОН.png in Resources */,
				AB8546EA1AED2CDD00F316B0 /* ВОВК.mp3 in Resources */,
				ABDC0AE11AD5AB8B0078B76A /* ДІД.png in Resources */,
				ABDC0AFF1AD5AB8B0078B76A /* САД.png in Resources */,
				ABC706F31AED130F005A5420 /* БУК.mp3 in Resources */,
				ABDC0B051AD5AB8B0078B76A /* СУП.png in Resources */,
				ABC706F81AED130F005A5420 /* ДЕНЬ.mp3 in Resources */,
				ABC706A81AED0BBB005A5420 /* wrong2.mp3 in Resources */,
				ABDC0B111AD5AB8B0078B76A /* ШНУР.png in Resources */,
				ABDC0AD01AD5AB8B0078B76A /* БОКС.png in Resources */,
				ABC707121AED130F005A5420 /* МАК.mp3 in Resources */,
				ABC706FE1AED130F005A5420 /* ДУБ.mp3 in Resources */,
				ABDC0AEE1AD5AB8B0078B76A /* ЛИН.png in Resources */,
				ABDC0AD91AD5AB8B0078B76A /* ДЕНЬ.png in Resources */,
				ABC706F41AED130F005A5420 /* ВУЖ.mp3 in Resources */,
				ABABA6D71AD6B375001F6051 /* button3.png in Resources */,
				AB04CB491ACD56F500215976 /* LaunchScreen.xib in Resources */,
				ABC7070B1AED130F005A5420 /* ЛИН.mp3 in Resources */,
				ABDC0B101AD5AB8B0078B76A /* ЧЕК.png in Resources */,
				ABC7071A1AED130F005A5420 /* САД.mp3 in Resources */,
				AB5A239C1AD682BE007AB9DD /* miniGamePlayground4.png in Resources */,
				ABEE88B91AD7065400C00B9C /* backarrow.png in Resources */,
				ABDC0B021AD5AB8B0078B76A /* СОМ.png in Resources */,
				ABC707061AED130F005A5420 /* КРІП.mp3 in Resources */,
				ABDC0B0E1AD5AB8B0078B76A /* ЦЕП.png in Resources */,
				ABDC0B0D1AD5AB8B0078B76A /* ХРЕСТ.png in Resources */,
				ABDC0AEB1AD5AB8B0078B76A /* КУЩ.png in Resources */,
				ABDC0ACE1AD5AB8B0078B76A /* БАНТ.png in Resources */,
				ABDC0AFC1AD5AB8B0078B76A /* ПРИЗ.png in Resources */,
				ABDC0B001AD5AB8B0078B76A /* САК.png in Resources */,
				ABDC0ACD1AD5AB8B0078B76A /* БАК.png in Resources */,
				ABC706F11AED130F005A5420 /* БОКС.mp3 in Resources */,
				ABC7070D1AED130F005A5420 /* ЛИСТ.mp3 in Resources */,
				ABDC0B091AD5AB8B0078B76A /* ТОМ.png in Resources */,
				ABC7071E1AED130F005A5420 /* СОМ.mp3 in Resources */,
				ABDC0B071AD5AB8B0078B76A /* ТИГР.png in Resources */,
				ABC7072B1AED130F005A5420 /* ШНУР.mp3 in Resources */,
				ABDC0B121AD5AB8B0078B76A /* ЩУР.png in Resources */,
				AB5A239D1AD682BE007AB9DD /* miniGamePlayground5.png in Resources */,
				ABC706F01AED130F005A5420 /* БІБ.mp3 in Resources */,
				ABC7071F1AED130F005A5420 /* СОН.mp3 in Resources */,
				AB8546EB1AED2CDD00F316B0 /* ПРИЗ.mp3 in Resources */,
				ABDC0AF81AD5AB8B0078B76A /* НІС.png in Resources */,
				ABC706AB1AED0BBB005A5420 /* wrong5.mp3 in Resources */,
				ABC707111AED130F005A5420 /* ЛУК.mp3 in Resources */,
				ABDC0AFA1AD5AB8B0078B76A /* ПЕНЬ.png in Resources */,
				ABC706F71AED130F005A5420 /* ДАХ.mp3 in Resources */,
				ABDC0AE81AD5AB8B0078B76A /* КРІП.png in Resources */,
				ABDC0AF01AD5AB8B0078B76A /* ЛИСТ.png in Resources */,
				ABC706F51AED130F005A5420 /* ГАЙ.mp3 in Resources */,
				ABDC0AFB1AD5AB8B0078B76A /* ПЕС.png in Resources */,
				ABC707071AED130F005A5420 /* КРІТ.mp3 in Resources */,
				ABDC0B011AD5AB8B0078B76A /* СИН.png in Resources */,
				ABC7070E1AED130F005A5420 /* ЛОБ.mp3 in Resources */,
				AB8546DE1AED2B4D00F316B0 /* starts.png in Resources */,
				ABC707231AED130F005A5420 /* ТИН.mp3 in Resources */,
				ABC706F21AED130F005A5420 /* БОРЩ.mp3 in Resources */,
				ABFC67FF1AD7BE0700F5F759 /* infonew.png in Resources */,
				ABC707081AED130F005A5420 /* КУТ.mp3 in Resources */,
				ABC707101AED130F005A5420 /* ЛОСЬ.mp3 in Resources */,
				ABDC0B0B1AD5AB8B0078B76A /* ТІНЬ.png in Resources */,
				ABDC0ADC1AD5AB8B0078B76A /* ДОЩ.png in Resources */,
				ABC707041AED130F005A5420 /* КИТ.mp3 in Resources */,
				ABC706A11AED0BB0005A5420 /* correct3.mp3 in Resources */,
				AB8546E91AED2CDD00F316B0 /* ЧЕК.mp3 in Resources */,
				ABDC0AF61AD5AB8B0078B76A /* МЕД.png in Resources */,
				ABDC0ACF1AD5AB8B0078B76A /* БИК.png in Resources */,
				AB8546E71AED2CDD00F316B0 /* БАНТ.mp3 in Resources */,
				ABC7069E1AED0BB0005A5420 /* correct4.mp3 in Resources */,
				ABDC0B0C1AD5AB8B0078B76A /* ХРАМ.png in Resources */,
				ABC7071C1AED130F005A5420 /* СИН.mp3 in Resources */,
				ABDC0ADB1AD5AB8B0078B76A /* ДИСК.png in Resources */,
				ABC707251AED130F005A5420 /* ТОМ.mp3 in Resources */,
				ABDC0AE41AD5AB8B0078B76A /* ЗУБ.png in Resources */,
				ABDC0AE51AD5AB8B0078B76A /* ЙОД.png in Resources */,
				ABC706A91AED0BBB005A5420 /* wrong4.mp3 in Resources */,
				ABDC0B041AD5AB8B0078B76A /* СУК.png in Resources */,
				ABC707241AED130F005A5420 /* ТІНЬ.mp3 in Resources */,
				ABC707281AED130F005A5420 /* ХРЕСТ.mp3 in Resources */,
				ABC707271AED130F005A5420 /* ХРАМ.mp3 in Resources */,
				ABC707171AED130F005A5420 /* ПЕНЬ.mp3 in Resources */,
				ABDC0AEA1AD5AB8B0078B76A /* КУТ.png in Resources */,
			);
			runOnlyForDeploymentPostprocessing = 0;
		};
		AB04CB4C1ACD56F500215976 /* Resources */ = {
			isa = PBXResourcesBuildPhase;
			buildActionMask = 2147483647;
			files = (
			);
			runOnlyForDeploymentPostprocessing = 0;
		};
/* End PBXResourcesBuildPhase section */

/* Begin PBXSourcesBuildPhase section */
		AB04CB351ACD56F500215976 /* Sources */ = {
			isa = PBXSourcesBuildPhase;
			buildActionMask = 2147483647;
			files = (
				AB351F901AD93DA1009D07D1 /* Credentials.swift in Sources */,
				AB04CB5F1ACD57C700215976 /* FindVowels.swift in Sources */,
				AB04CB3F1ACD56F500215976 /* AppDelegate.swift in Sources */,
			);
			runOnlyForDeploymentPostprocessing = 0;
		};
		AB04CB4A1ACD56F500215976 /* Sources */ = {
			isa = PBXSourcesBuildPhase;
			buildActionMask = 2147483647;
			files = (
				AB04CB551ACD56F500215976 /* SoundsTests.swift in Sources */,
			);
			runOnlyForDeploymentPostprocessing = 0;
		};
/* End PBXSourcesBuildPhase section */

/* Begin PBXTargetDependency section */
		AB04CB501ACD56F500215976 /* PBXTargetDependency */ = {
			isa = PBXTargetDependency;
			target = AB04CB381ACD56F500215976 /* Sounds */;
			targetProxy = AB04CB4F1ACD56F500215976 /* PBXContainerItemProxy */;
		};
/* End PBXTargetDependency section */

/* Begin PBXVariantGroup section */
		AB04CB471ACD56F500215976 /* LaunchScreen.xib */ = {
			isa = PBXVariantGroup;
			children = (
				AB04CB481ACD56F500215976 /* Base */,
			);
			name = LaunchScreen.xib;
			sourceTree = "<group>";
		};
/* End PBXVariantGroup section */

/* Begin XCBuildConfiguration section */
		AB04CB561ACD56F500215976 /* Debug */ = {
			isa = XCBuildConfiguration;
			buildSettings = {
				ALWAYS_SEARCH_USER_PATHS = NO;
				CLANG_CXX_LANGUAGE_STANDARD = "gnu++0x";
				CLANG_CXX_LIBRARY = "libc++";
				CLANG_ENABLE_MODULES = YES;
				CLANG_ENABLE_OBJC_ARC = YES;
				CLANG_WARN_BOOL_CONVERSION = YES;
				CLANG_WARN_CONSTANT_CONVERSION = YES;
				CLANG_WARN_DIRECT_OBJC_ISA_USAGE = YES_ERROR;
				CLANG_WARN_EMPTY_BODY = YES;
				CLANG_WARN_ENUM_CONVERSION = YES;
				CLANG_WARN_INT_CONVERSION = YES;
				CLANG_WARN_OBJC_ROOT_CLASS = YES_ERROR;
				CLANG_WARN_UNREACHABLE_CODE = YES;
				CLANG_WARN__DUPLICATE_METHOD_MATCH = YES;
				"CODE_SIGN_IDENTITY[sdk=iphoneos*]" = "iPhone Developer";
				COPY_PHASE_STRIP = NO;
				DEBUG_INFORMATION_FORMAT = "dwarf-with-dsym";
				ENABLE_STRICT_OBJC_MSGSEND = YES;
				GCC_C_LANGUAGE_STANDARD = gnu99;
				GCC_DYNAMIC_NO_PIC = NO;
				GCC_NO_COMMON_BLOCKS = YES;
				GCC_OPTIMIZATION_LEVEL = 0;
				GCC_PREPROCESSOR_DEFINITIONS = (
					"DEBUG=1",
					"$(inherited)",
				);
				GCC_SYMBOLS_PRIVATE_EXTERN = NO;
				GCC_WARN_64_TO_32_BIT_CONVERSION = YES;
				GCC_WARN_ABOUT_RETURN_TYPE = YES_ERROR;
				GCC_WARN_UNDECLARED_SELECTOR = YES;
				GCC_WARN_UNINITIALIZED_AUTOS = YES_AGGRESSIVE;
				GCC_WARN_UNUSED_FUNCTION = YES;
				GCC_WARN_UNUSED_VARIABLE = YES;
				IPHONEOS_DEPLOYMENT_TARGET = 8.2;
				MTL_ENABLE_DEBUG_INFO = YES;
				ONLY_ACTIVE_ARCH = YES;
				SDKROOT = iphoneos;
				SWIFT_OPTIMIZATION_LEVEL = "-Onone";
				TARGETED_DEVICE_FAMILY = 2;
			};
			name = Debug;
		};
		AB04CB571ACD56F500215976 /* Release */ = {
			isa = XCBuildConfiguration;
			buildSettings = {
				ALWAYS_SEARCH_USER_PATHS = NO;
				CLANG_CXX_LANGUAGE_STANDARD = "gnu++0x";
				CLANG_CXX_LIBRARY = "libc++";
				CLANG_ENABLE_MODULES = YES;
				CLANG_ENABLE_OBJC_ARC = YES;
				CLANG_WARN_BOOL_CONVERSION = YES;
				CLANG_WARN_CONSTANT_CONVERSION = YES;
				CLANG_WARN_DIRECT_OBJC_ISA_USAGE = YES_ERROR;
				CLANG_WARN_EMPTY_BODY = YES;
				CLANG_WARN_ENUM_CONVERSION = YES;
				CLANG_WARN_INT_CONVERSION = YES;
				CLANG_WARN_OBJC_ROOT_CLASS = YES_ERROR;
				CLANG_WARN_UNREACHABLE_CODE = YES;
				CLANG_WARN__DUPLICATE_METHOD_MATCH = YES;
				"CODE_SIGN_IDENTITY[sdk=iphoneos*]" = "iPhone Developer";
				COPY_PHASE_STRIP = NO;
				DEBUG_INFORMATION_FORMAT = "dwarf-with-dsym";
				ENABLE_NS_ASSERTIONS = NO;
				ENABLE_STRICT_OBJC_MSGSEND = YES;
				GCC_C_LANGUAGE_STANDARD = gnu99;
				GCC_NO_COMMON_BLOCKS = YES;
				GCC_WARN_64_TO_32_BIT_CONVERSION = YES;
				GCC_WARN_ABOUT_RETURN_TYPE = YES_ERROR;
				GCC_WARN_UNDECLARED_SELECTOR = YES;
				GCC_WARN_UNINITIALIZED_AUTOS = YES_AGGRESSIVE;
				GCC_WARN_UNUSED_FUNCTION = YES;
				GCC_WARN_UNUSED_VARIABLE = YES;
				IPHONEOS_DEPLOYMENT_TARGET = 8.2;
				MTL_ENABLE_DEBUG_INFO = NO;
				SDKROOT = iphoneos;
				TARGETED_DEVICE_FAMILY = 2;
				VALIDATE_PRODUCT = YES;
			};
			name = Release;
		};
		AB04CB591ACD56F500215976 /* Debug */ = {
			isa = XCBuildConfiguration;
			buildSettings = {
				ASSETCATALOG_COMPILER_APPICON_NAME = AppIcon;
				CODE_SIGN_IDENTITY = "iPhone Developer";
				"CODE_SIGN_IDENTITY[sdk=iphoneos*]" = "iPhone Developer";
				INFOPLIST_FILE = Sounds/Info.plist;
				IPHONEOS_DEPLOYMENT_TARGET = 8.0;
				LD_RUNPATH_SEARCH_PATHS = "$(inherited) @executable_path/Frameworks";
				PRODUCT_NAME = "$(TARGET_NAME)";
				PROVISIONING_PROFILE = "";
				TARGETED_DEVICE_FAMILY = 2;
			};
			name = Debug;
		};
		AB04CB5A1ACD56F500215976 /* Release */ = {
			isa = XCBuildConfiguration;
			buildSettings = {
				ASSETCATALOG_COMPILER_APPICON_NAME = AppIcon;
				CODE_SIGN_IDENTITY = "iPhone Developer";
				"CODE_SIGN_IDENTITY[sdk=iphoneos*]" = "iPhone Developer";
				INFOPLIST_FILE = Sounds/Info.plist;
				IPHONEOS_DEPLOYMENT_TARGET = 8.0;
				LD_RUNPATH_SEARCH_PATHS = "$(inherited) @executable_path/Frameworks";
				PRODUCT_NAME = "$(TARGET_NAME)";
				PROVISIONING_PROFILE = "";
				TARGETED_DEVICE_FAMILY = 2;
			};
			name = Release;
		};
		AB04CB5C1ACD56F500215976 /* Debug */ = {
			isa = XCBuildConfiguration;
			buildSettings = {
				BUNDLE_LOADER = "$(TEST_HOST)";
				FRAMEWORK_SEARCH_PATHS = (
					"$(SDKROOT)/Developer/Library/Frameworks",
					"$(inherited)",
				);
				GCC_PREPROCESSOR_DEFINITIONS = (
					"DEBUG=1",
					"$(inherited)",
				);
				INFOPLIST_FILE = SoundsTests/Info.plist;
				LD_RUNPATH_SEARCH_PATHS = "$(inherited) @executable_path/Frameworks @loader_path/Frameworks";
				PRODUCT_NAME = "$(TARGET_NAME)";
				TEST_HOST = "$(BUILT_PRODUCTS_DIR)/Sounds.app/Sounds";
			};
			name = Debug;
		};
		AB04CB5D1ACD56F500215976 /* Release */ = {
			isa = XCBuildConfiguration;
			buildSettings = {
				BUNDLE_LOADER = "$(TEST_HOST)";
				FRAMEWORK_SEARCH_PATHS = (
					"$(SDKROOT)/Developer/Library/Frameworks",
					"$(inherited)",
				);
				INFOPLIST_FILE = SoundsTests/Info.plist;
				LD_RUNPATH_SEARCH_PATHS = "$(inherited) @executable_path/Frameworks @loader_path/Frameworks";
				PRODUCT_NAME = "$(TARGET_NAME)";
				TEST_HOST = "$(BUILT_PRODUCTS_DIR)/Sounds.app/Sounds";
			};
			name = Release;
		};
/* End XCBuildConfiguration section */

/* Begin XCConfigurationList section */
		AB04CB341ACD56F500215976 /* Build configuration list for PBXProject "sounds" */ = {
			isa = XCConfigurationList;
			buildConfigurations = (
				AB04CB561ACD56F500215976 /* Debug */,
				AB04CB571ACD56F500215976 /* Release */,
			);
			defaultConfigurationIsVisible = 0;
			defaultConfigurationName = Release;
		};
		AB04CB581ACD56F500215976 /* Build configuration list for PBXNativeTarget "Sounds" */ = {
			isa = XCConfigurationList;
			buildConfigurations = (
				AB04CB591ACD56F500215976 /* Debug */,
				AB04CB5A1ACD56F500215976 /* Release */,
			);
			defaultConfigurationIsVisible = 0;
			defaultConfigurationName = Release;
		};
		AB04CB5B1ACD56F500215976 /* Build configuration list for PBXNativeTarget "SoundsTests" */ = {
			isa = XCConfigurationList;
			buildConfigurations = (
				AB04CB5C1ACD56F500215976 /* Debug */,
				AB04CB5D1ACD56F500215976 /* Release */,
			);
			defaultConfigurationIsVisible = 0;
			defaultConfigurationName = Release;
		};
/* End XCConfigurationList section */
	};
	rootObject = AB04CB311ACD56F500215976 /* Project object */;
}
